// !$*UTF8*$!
{
	archiveVersion = 1;
	classes = {
	};
	objectVersion = 50;
	objects = {

/* Begin PBXBuildFile section */
		7A3AF8692721E0D20057E80A /* AppDelegate.swift in Sources */ = {isa = PBXBuildFile; fileRef = 7A3AF8682721E0D20057E80A /* AppDelegate.swift */; };
		7A3AF86B2721E0D20057E80A /* SceneDelegate.swift in Sources */ = {isa = PBXBuildFile; fileRef = 7A3AF86A2721E0D20057E80A /* SceneDelegate.swift */; };
		7A3AF8722721E0D40057E80A /* Assets.xcassets in Resources */ = {isa = PBXBuildFile; fileRef = 7A3AF8712721E0D40057E80A /* Assets.xcassets */; };
		7A3AF8752721E0D40057E80A /* LaunchScreen.storyboard in Resources */ = {isa = PBXBuildFile; fileRef = 7A3AF8732721E0D40057E80A /* LaunchScreen.storyboard */; };
		7A3AF8802721E0D40057E80A /* MusicBoxMVCTests.swift in Sources */ = {isa = PBXBuildFile; fileRef = 7A3AF87F2721E0D40057E80A /* MusicBoxMVCTests.swift */; };
		7A3AF88B2721E0D40057E80A /* MusicBoxMVCUITests.swift in Sources */ = {isa = PBXBuildFile; fileRef = 7A3AF88A2721E0D40057E80A /* MusicBoxMVCUITests.swift */; };
		7A3AF8DF2721E3370057E80A /* MusicListContracts.swift in Sources */ = {isa = PBXBuildFile; fileRef = 7A3AF8DE2721E3370057E80A /* MusicListContracts.swift */; };
		7A3AF8E02721E3370057E80A /* MusicListContracts.swift in Sources */ = {isa = PBXBuildFile; fileRef = 7A3AF8DE2721E3370057E80A /* MusicListContracts.swift */; };
		7A3AF8E12721E3370057E80A /* MusicListContracts.swift in Sources */ = {isa = PBXBuildFile; fileRef = 7A3AF8DE2721E3370057E80A /* MusicListContracts.swift */; };
		7A3AF8E32721E4090057E80A /* MusicList.storyboard in Resources */ = {isa = PBXBuildFile; fileRef = 7A3AF8E22721E4090057E80A /* MusicList.storyboard */; };
		7A3AF8E42721E4090057E80A /* MusicList.storyboard in Resources */ = {isa = PBXBuildFile; fileRef = 7A3AF8E22721E4090057E80A /* MusicList.storyboard */; };
		7A3AF8E52721E4090057E80A /* MusicList.storyboard in Resources */ = {isa = PBXBuildFile; fileRef = 7A3AF8E22721E4090057E80A /* MusicList.storyboard */; };
		7A3AF8E72721E4A70057E80A /* MusicListView.swift in Sources */ = {isa = PBXBuildFile; fileRef = 7A3AF8E62721E4A70057E80A /* MusicListView.swift */; };
		7A3AF8E82721E4A70057E80A /* MusicListView.swift in Sources */ = {isa = PBXBuildFile; fileRef = 7A3AF8E62721E4A70057E80A /* MusicListView.swift */; };
		7A3AF8E92721E4A70057E80A /* MusicListView.swift in Sources */ = {isa = PBXBuildFile; fileRef = 7A3AF8E62721E4A70057E80A /* MusicListView.swift */; };
		7A3AF8EB2721EEEB0057E80A /* MusicListViewController.swift in Sources */ = {isa = PBXBuildFile; fileRef = 7A3AF8EA2721EEEB0057E80A /* MusicListViewController.swift */; };
		7A3AF8EC2721EEEB0057E80A /* MusicListViewController.swift in Sources */ = {isa = PBXBuildFile; fileRef = 7A3AF8EA2721EEEB0057E80A /* MusicListViewController.swift */; };
		7A3AF8EF2721F0A00057E80A /* MusicBoxAPI.framework in Frameworks */ = {isa = PBXBuildFile; fileRef = 7A3AF8C32721E16C0057E80A /* MusicBoxAPI.framework */; };
		7A3AF8F02721F0A00057E80A /* MusicBoxAPI.framework in Embed Frameworks */ = {isa = PBXBuildFile; fileRef = 7A3AF8C32721E16C0057E80A /* MusicBoxAPI.framework */; settings = {ATTRIBUTES = (CodeSignOnCopy, RemoveHeadersOnCopy, ); }; };
		7A3AF8F32721F1DD0057E80A /* MusicPresentation.swift in Sources */ = {isa = PBXBuildFile; fileRef = 7A3AF8F22721F1DD0057E80A /* MusicPresentation.swift */; };
		7A3AF8F42721F1DD0057E80A /* MusicPresentation.swift in Sources */ = {isa = PBXBuildFile; fileRef = 7A3AF8F22721F1DD0057E80A /* MusicPresentation.swift */; };
		7A3AF8F52721F1DD0057E80A /* MusicPresentation.swift in Sources */ = {isa = PBXBuildFile; fileRef = 7A3AF8F22721F1DD0057E80A /* MusicPresentation.swift */; };
		7A3AF8F72721FF2B0057E80A /* AppContainer.swift in Sources */ = {isa = PBXBuildFile; fileRef = 7A3AF8F62721FF2B0057E80A /* AppContainer.swift */; };
		7A3AF8F82721FF2B0057E80A /* AppContainer.swift in Sources */ = {isa = PBXBuildFile; fileRef = 7A3AF8F62721FF2B0057E80A /* AppContainer.swift */; };
		7A3AF8F92721FF2B0057E80A /* AppContainer.swift in Sources */ = {isa = PBXBuildFile; fileRef = 7A3AF8F62721FF2B0057E80A /* AppContainer.swift */; };
		7A3AF8FB2721FF530057E80A /* AppRouter.swift in Sources */ = {isa = PBXBuildFile; fileRef = 7A3AF8FA2721FF530057E80A /* AppRouter.swift */; };
		7A3AF8FC2721FF530057E80A /* AppRouter.swift in Sources */ = {isa = PBXBuildFile; fileRef = 7A3AF8FA2721FF530057E80A /* AppRouter.swift */; };
		7A3AF8FD2721FF530057E80A /* AppRouter.swift in Sources */ = {isa = PBXBuildFile; fileRef = 7A3AF8FA2721FF530057E80A /* AppRouter.swift */; };
		7A3AF8FF272200B90057E80A /* MusicListBuilder.swift in Sources */ = {isa = PBXBuildFile; fileRef = 7A3AF8FE272200B90057E80A /* MusicListBuilder.swift */; };
		7A3AF900272200B90057E80A /* MusicListBuilder.swift in Sources */ = {isa = PBXBuildFile; fileRef = 7A3AF8FE272200B90057E80A /* MusicListBuilder.swift */; };
		7A3AF901272200B90057E80A /* MusicListBuilder.swift in Sources */ = {isa = PBXBuildFile; fileRef = 7A3AF8FE272200B90057E80A /* MusicListBuilder.swift */; };
		7A3AF9092722A3490057E80A /* MusicDetailBuilder.swift in Sources */ = {isa = PBXBuildFile; fileRef = 7A3AF9082722A3490057E80A /* MusicDetailBuilder.swift */; };
		7A3AF90B2722A3560057E80A /* MusicDetailContracts.swift in Sources */ = {isa = PBXBuildFile; fileRef = 7A3AF90A2722A3560057E80A /* MusicDetailContracts.swift */; };
		7A3AF90D2722A3640057E80A /* MusicDetailView.swift in Sources */ = {isa = PBXBuildFile; fileRef = 7A3AF90C2722A3640057E80A /* MusicDetailView.swift */; };
		7A3AF90F2722A36F0057E80A /* MusicDetailViewController.swift in Sources */ = {isa = PBXBuildFile; fileRef = 7A3AF90E2722A36F0057E80A /* MusicDetailViewController.swift */; };
		7A3AF9112722A37B0057E80A /* MusicDetailPresentation.swift in Sources */ = {isa = PBXBuildFile; fileRef = 7A3AF9102722A37B0057E80A /* MusicDetailPresentation.swift */; };
		7A3AF9132722A3860057E80A /* MusicDetail.storyboard in Resources */ = {isa = PBXBuildFile; fileRef = 7A3AF9122722A3860057E80A /* MusicDetail.storyboard */; };
		7A3AF9192722BED00057E80A /* ResourcesLoader.swift in Sources */ = {isa = PBXBuildFile; fileRef = 7A3AF9182722BED00057E80A /* ResourcesLoader.swift */; };
		7A3AF91B2722BEE50057E80A /* Music1.json in Resources */ = {isa = PBXBuildFile; fileRef = 7A3AF91A2722BEE50057E80A /* Music1.json */; };
		7A3AF91D2722BEF10057E80A /* Music2.json in Resources */ = {isa = PBXBuildFile; fileRef = 7A3AF91C2722BEF10057E80A /* Music2.json */; };
		7A3AF9212722BF240057E80A /* Music3.json in Resources */ = {isa = PBXBuildFile; fileRef = 7A3AF9202722BF240057E80A /* Music3.json */; };
		7AFC2F862722CE9D00A8315F /* Utility.framework in Frameworks */ = {isa = PBXBuildFile; fileRef = 7AFC2F812722C4AB00A8315F /* Utility.framework */; };
		7AFC2F872722CE9D00A8315F /* Utility.framework in Embed Frameworks */ = {isa = PBXBuildFile; fileRef = 7AFC2F812722C4AB00A8315F /* Utility.framework */; settings = {ATTRIBUTES = (CodeSignOnCopy, RemoveHeadersOnCopy, ); }; };
		7AFC30132722D95800A8315F /* AppDelegate.swift in Sources */ = {isa = PBXBuildFile; fileRef = 7AFC30122722D95800A8315F /* AppDelegate.swift */; };
		7AFC30152722D95800A8315F /* SceneDelegate.swift in Sources */ = {isa = PBXBuildFile; fileRef = 7AFC30142722D95800A8315F /* SceneDelegate.swift */; };
		7AFC301C2722D95900A8315F /* Assets.xcassets in Resources */ = {isa = PBXBuildFile; fileRef = 7AFC301B2722D95900A8315F /* Assets.xcassets */; };
		7AFC301F2722D95900A8315F /* LaunchScreen.storyboard in Resources */ = {isa = PBXBuildFile; fileRef = 7AFC301D2722D95900A8315F /* LaunchScreen.storyboard */; };
		7AFC302A2722D95900A8315F /* MusicBoxMVVMTests.swift in Sources */ = {isa = PBXBuildFile; fileRef = 7AFC30292722D95900A8315F /* MusicBoxMVVMTests.swift */; };
		7AFC30352722D95900A8315F /* MusicBoxMVVMUITests.swift in Sources */ = {isa = PBXBuildFile; fileRef = 7AFC30342722D95900A8315F /* MusicBoxMVVMUITests.swift */; };
		7AFC30452722DA1600A8315F /* AppRouter.swift in Sources */ = {isa = PBXBuildFile; fileRef = 7AFC30402722DA1600A8315F /* AppRouter.swift */; };
		7AFC30462722DA1600A8315F /* Scenes in Resources */ = {isa = PBXBuildFile; fileRef = 7AFC30412722DA1600A8315F /* Scenes */; };
		7AFC30472722DA1600A8315F /* Base.lproj in Resources */ = {isa = PBXBuildFile; fileRef = 7AFC30422722DA1600A8315F /* Base.lproj */; };
		7AFC30492722DA1600A8315F /* AppContainer.swift in Sources */ = {isa = PBXBuildFile; fileRef = 7AFC30442722DA1600A8315F /* AppContainer.swift */; };
		7AFC30592722DB0800A8315F /* MusicDetailContracts.swift in Sources */ = {isa = PBXBuildFile; fileRef = 7AFC304D2722DB0700A8315F /* MusicDetailContracts.swift */; };
		7AFC305A2722DB0800A8315F /* MusicDetailView.swift in Sources */ = {isa = PBXBuildFile; fileRef = 7AFC304E2722DB0700A8315F /* MusicDetailView.swift */; };
		7AFC305B2722DB0800A8315F /* MusicDetailViewController.swift in Sources */ = {isa = PBXBuildFile; fileRef = 7AFC304F2722DB0700A8315F /* MusicDetailViewController.swift */; };
		7AFC305D2722DB0800A8315F /* MusicListContracts.swift in Sources */ = {isa = PBXBuildFile; fileRef = 7AFC30512722DB0700A8315F /* MusicListContracts.swift */; };
		7AFC305F2722DB0800A8315F /* MusicDetailPresentation.swift in Sources */ = {isa = PBXBuildFile; fileRef = 7AFC30532722DB0700A8315F /* MusicDetailPresentation.swift */; };
		7AFC30602722DB0800A8315F /* MusicDetailBuilder.swift in Sources */ = {isa = PBXBuildFile; fileRef = 7AFC30542722DB0700A8315F /* MusicDetailBuilder.swift */; };
		7AFC30612722DB0800A8315F /* MusicList.storyboard in Resources */ = {isa = PBXBuildFile; fileRef = 7AFC30552722DB0700A8315F /* MusicList.storyboard */; };
		7AFC30622722DB0800A8315F /* MusicListViewController.swift in Sources */ = {isa = PBXBuildFile; fileRef = 7AFC30562722DB0800A8315F /* MusicListViewController.swift */; };
		7AFC30632722DB0800A8315F /* MusicDetail.storyboard in Resources */ = {isa = PBXBuildFile; fileRef = 7AFC30572722DB0800A8315F /* MusicDetail.storyboard */; };
		7AFC30672722E5AA00A8315F /* MusicListViewModel.swift in Sources */ = {isa = PBXBuildFile; fileRef = 7AFC30662722E5AA00A8315F /* MusicListViewModel.swift */; };
		7AFC30682722E5AA00A8315F /* MusicListViewModel.swift in Sources */ = {isa = PBXBuildFile; fileRef = 7AFC30662722E5AA00A8315F /* MusicListViewModel.swift */; };
		7AFC306B2722E8CC00A8315F /* MockMusicsService.swift in Sources */ = {isa = PBXBuildFile; fileRef = 7AFC306A2722E8CC00A8315F /* MockMusicsService.swift */; };
		7AFC306C2722E8CC00A8315F /* MockMusicsService.swift in Sources */ = {isa = PBXBuildFile; fileRef = 7AFC306A2722E8CC00A8315F /* MockMusicsService.swift */; };
		7AFC306D2722E8CC00A8315F /* MockMusicsService.swift in Sources */ = {isa = PBXBuildFile; fileRef = 7AFC306A2722E8CC00A8315F /* MockMusicsService.swift */; };
		7AFC306E2722E8CC00A8315F /* MockMusicsService.swift in Sources */ = {isa = PBXBuildFile; fileRef = 7AFC306A2722E8CC00A8315F /* MockMusicsService.swift */; };
		7AFC306F2722E8CC00A8315F /* MockMusicsService.swift in Sources */ = {isa = PBXBuildFile; fileRef = 7AFC306A2722E8CC00A8315F /* MockMusicsService.swift */; };
		7AFC30702722EB6300A8315F /* Utility.framework in Frameworks */ = {isa = PBXBuildFile; fileRef = 7AFC2F812722C4AB00A8315F /* Utility.framework */; };
		7AFC30712722EB6300A8315F /* Utility.framework in Embed Frameworks */ = {isa = PBXBuildFile; fileRef = 7AFC2F812722C4AB00A8315F /* Utility.framework */; settings = {ATTRIBUTES = (CodeSignOnCopy, RemoveHeadersOnCopy, ); }; };
		7AFC30732722EB8E00A8315F /* MusicBoxAPI.framework in Frameworks */ = {isa = PBXBuildFile; fileRef = 7A3AF8C32721E16C0057E80A /* MusicBoxAPI.framework */; };
		7AFC30742722EB8E00A8315F /* MusicBoxAPI.framework in Embed Frameworks */ = {isa = PBXBuildFile; fileRef = 7A3AF8C32721E16C0057E80A /* MusicBoxAPI.framework */; settings = {ATTRIBUTES = (CodeSignOnCopy, RemoveHeadersOnCopy, ); }; };
		7AFC30752722F6C700A8315F /* MusicDetailBuilder.swift in Sources */ = {isa = PBXBuildFile; fileRef = 7A3AF9082722A3490057E80A /* MusicDetailBuilder.swift */; };
		7AFC30772722F74800A8315F /* MusicDetailBuilder.swift in Sources */ = {isa = PBXBuildFile; fileRef = 7A3AF9082722A3490057E80A /* MusicDetailBuilder.swift */; };
		7AFC30782722F74D00A8315F /* MusicListViewController.swift in Sources */ = {isa = PBXBuildFile; fileRef = 7A3AF8EA2721EEEB0057E80A /* MusicListViewController.swift */; };
		7AFC30792722F77100A8315F /* MusicDetailViewController.swift in Sources */ = {isa = PBXBuildFile; fileRef = 7A3AF90E2722A36F0057E80A /* MusicDetailViewController.swift */; };
		7AFC307A2722F77200A8315F /* MusicDetailViewController.swift in Sources */ = {isa = PBXBuildFile; fileRef = 7A3AF90E2722A36F0057E80A /* MusicDetailViewController.swift */; };
		7AFC307B2722F79400A8315F /* MusicDetailView.swift in Sources */ = {isa = PBXBuildFile; fileRef = 7A3AF90C2722A3640057E80A /* MusicDetailView.swift */; };
		7AFC307C2722F79500A8315F /* MusicDetailView.swift in Sources */ = {isa = PBXBuildFile; fileRef = 7A3AF90C2722A3640057E80A /* MusicDetailView.swift */; };
		7AFC307D2722F79C00A8315F /* MusicDetailPresentation.swift in Sources */ = {isa = PBXBuildFile; fileRef = 7A3AF9102722A37B0057E80A /* MusicDetailPresentation.swift */; };
		7AFC307E2722F79D00A8315F /* MusicDetailPresentation.swift in Sources */ = {isa = PBXBuildFile; fileRef = 7A3AF9102722A37B0057E80A /* MusicDetailPresentation.swift */; };
		7AFC307F2722F7B300A8315F /* MusicDetailContracts.swift in Sources */ = {isa = PBXBuildFile; fileRef = 7A3AF90A2722A3560057E80A /* MusicDetailContracts.swift */; };
		7AFC30802722F7B400A8315F /* MusicDetailContracts.swift in Sources */ = {isa = PBXBuildFile; fileRef = 7A3AF90A2722A3560057E80A /* MusicDetailContracts.swift */; };
		7AFC30822722FA4A00A8315F /* ResourcesLoader.swift in Sources */ = {isa = PBXBuildFile; fileRef = 7A3AF9182722BED00057E80A /* ResourcesLoader.swift */; };
		7AFC30832722FA5000A8315F /* ResourcesLoader.swift in Sources */ = {isa = PBXBuildFile; fileRef = 7A3AF9182722BED00057E80A /* ResourcesLoader.swift */; };
		7AFC30842722FA5100A8315F /* ResourcesLoader.swift in Sources */ = {isa = PBXBuildFile; fileRef = 7A3AF9182722BED00057E80A /* ResourcesLoader.swift */; };
		7AFC30852722FA5100A8315F /* ResourcesLoader.swift in Sources */ = {isa = PBXBuildFile; fileRef = 7A3AF9182722BED00057E80A /* ResourcesLoader.swift */; };
		7AFC30862722FA5200A8315F /* ResourcesLoader.swift in Sources */ = {isa = PBXBuildFile; fileRef = 7A3AF9182722BED00057E80A /* ResourcesLoader.swift */; };
		7AFC30892722FF8700A8315F /* MusicListContracts.swift in Sources */ = {isa = PBXBuildFile; fileRef = 7AFC30512722DB0700A8315F /* MusicListContracts.swift */; };
		7AFC308A2722FF8800A8315F /* MusicListContracts.swift in Sources */ = {isa = PBXBuildFile; fileRef = 7AFC30512722DB0700A8315F /* MusicListContracts.swift */; };
		7AFC308B2722FF8A00A8315F /* MusicListViewController.swift in Sources */ = {isa = PBXBuildFile; fileRef = 7AFC30562722DB0800A8315F /* MusicListViewController.swift */; };
		7AFC308C2722FF8B00A8315F /* MusicListViewController.swift in Sources */ = {isa = PBXBuildFile; fileRef = 7AFC30562722DB0800A8315F /* MusicListViewController.swift */; };
		7AFC308F2722FF8F00A8315F /* MusicListViewModel.swift in Sources */ = {isa = PBXBuildFile; fileRef = 7AFC30662722E5AA00A8315F /* MusicListViewModel.swift */; };
		7AFC30912723004500A8315F /* MockMusicsService.swift in Sources */ = {isa = PBXBuildFile; fileRef = 7AFC306A2722E8CC00A8315F /* MockMusicsService.swift */; };
		7AFC30922723004900A8315F /* Music1.json in Resources */ = {isa = PBXBuildFile; fileRef = 7A3AF91A2722BEE50057E80A /* Music1.json */; };
		7AFC30932723004A00A8315F /* Music1.json in Resources */ = {isa = PBXBuildFile; fileRef = 7A3AF91A2722BEE50057E80A /* Music1.json */; };
		7AFC30942723004A00A8315F /* Music1.json in Resources */ = {isa = PBXBuildFile; fileRef = 7A3AF91A2722BEE50057E80A /* Music1.json */; };
		7AFC30952723004B00A8315F /* Music1.json in Resources */ = {isa = PBXBuildFile; fileRef = 7A3AF91A2722BEE50057E80A /* Music1.json */; };
		7AFC30962723004B00A8315F /* Music1.json in Resources */ = {isa = PBXBuildFile; fileRef = 7A3AF91A2722BEE50057E80A /* Music1.json */; };
		7AFC30972723004E00A8315F /* Music2.json in Resources */ = {isa = PBXBuildFile; fileRef = 7A3AF91C2722BEF10057E80A /* Music2.json */; };
		7AFC30982723004E00A8315F /* Music2.json in Resources */ = {isa = PBXBuildFile; fileRef = 7A3AF91C2722BEF10057E80A /* Music2.json */; };
		7AFC30992723004F00A8315F /* Music2.json in Resources */ = {isa = PBXBuildFile; fileRef = 7A3AF91C2722BEF10057E80A /* Music2.json */; };
		7AFC309A2723004F00A8315F /* Music2.json in Resources */ = {isa = PBXBuildFile; fileRef = 7A3AF91C2722BEF10057E80A /* Music2.json */; };
		7AFC309B2723005000A8315F /* Music2.json in Resources */ = {isa = PBXBuildFile; fileRef = 7A3AF91C2722BEF10057E80A /* Music2.json */; };
		7AFC309C2723005300A8315F /* Music3.json in Resources */ = {isa = PBXBuildFile; fileRef = 7A3AF9202722BF240057E80A /* Music3.json */; };
		7AFC309D2723005400A8315F /* Music3.json in Resources */ = {isa = PBXBuildFile; fileRef = 7A3AF9202722BF240057E80A /* Music3.json */; };
		7AFC309E2723005400A8315F /* Music3.json in Resources */ = {isa = PBXBuildFile; fileRef = 7A3AF9202722BF240057E80A /* Music3.json */; };
		7AFC309F2723005400A8315F /* Music3.json in Resources */ = {isa = PBXBuildFile; fileRef = 7A3AF9202722BF240057E80A /* Music3.json */; };
		7AFC30A02723005500A8315F /* Music3.json in Resources */ = {isa = PBXBuildFile; fileRef = 7A3AF9202722BF240057E80A /* Music3.json */; };
		7AFC30A12723007400A8315F /* MusicList.storyboard in Resources */ = {isa = PBXBuildFile; fileRef = 7AFC30552722DB0700A8315F /* MusicList.storyboard */; };
		7AFC30A22723007400A8315F /* MusicList.storyboard in Resources */ = {isa = PBXBuildFile; fileRef = 7AFC30552722DB0700A8315F /* MusicList.storyboard */; };
		7AFC30A32723008400A8315F /* MusicDetail.storyboard in Resources */ = {isa = PBXBuildFile; fileRef = 7AFC30572722DB0800A8315F /* MusicDetail.storyboard */; };
		7AFC30A42723008400A8315F /* MusicDetail.storyboard in Resources */ = {isa = PBXBuildFile; fileRef = 7AFC30572722DB0800A8315F /* MusicDetail.storyboard */; };
		7AFC30A52723008800A8315F /* MusicDetailBuilder.swift in Sources */ = {isa = PBXBuildFile; fileRef = 7AFC30542722DB0700A8315F /* MusicDetailBuilder.swift */; };
		7AFC30A62723008900A8315F /* MusicDetailBuilder.swift in Sources */ = {isa = PBXBuildFile; fileRef = 7AFC30542722DB0700A8315F /* MusicDetailBuilder.swift */; };
		7AFC30A72723008B00A8315F /* MusicDetailContracts.swift in Sources */ = {isa = PBXBuildFile; fileRef = 7AFC304D2722DB0700A8315F /* MusicDetailContracts.swift */; };
		7AFC30A82723008B00A8315F /* MusicDetailContracts.swift in Sources */ = {isa = PBXBuildFile; fileRef = 7AFC304D2722DB0700A8315F /* MusicDetailContracts.swift */; };
		7AFC30A92723008E00A8315F /* MusicDetailPresentation.swift in Sources */ = {isa = PBXBuildFile; fileRef = 7AFC30532722DB0700A8315F /* MusicDetailPresentation.swift */; };
		7AFC30AA2723008E00A8315F /* MusicDetailPresentation.swift in Sources */ = {isa = PBXBuildFile; fileRef = 7AFC30532722DB0700A8315F /* MusicDetailPresentation.swift */; };
		7AFC30AB2723009100A8315F /* MusicDetailView.swift in Sources */ = {isa = PBXBuildFile; fileRef = 7AFC304E2722DB0700A8315F /* MusicDetailView.swift */; };
		7AFC30AC2723009100A8315F /* MusicDetailView.swift in Sources */ = {isa = PBXBuildFile; fileRef = 7AFC304E2722DB0700A8315F /* MusicDetailView.swift */; };
		7AFC30AD2723009500A8315F /* MusicDetailViewController.swift in Sources */ = {isa = PBXBuildFile; fileRef = 7AFC304F2722DB0700A8315F /* MusicDetailViewController.swift */; };
		7AFC30AE2723009500A8315F /* MusicDetailViewController.swift in Sources */ = {isa = PBXBuildFile; fileRef = 7AFC304F2722DB0700A8315F /* MusicDetailViewController.swift */; };
		7AFC30B02723034000A8315F /* MusicPresentation.swift in Sources */ = {isa = PBXBuildFile; fileRef = 7AFC30AF2723034000A8315F /* MusicPresentation.swift */; };
		7AFC30B12723034000A8315F /* MusicPresentation.swift in Sources */ = {isa = PBXBuildFile; fileRef = 7AFC30AF2723034000A8315F /* MusicPresentation.swift */; };
		7AFC30B22723034000A8315F /* MusicPresentation.swift in Sources */ = {isa = PBXBuildFile; fileRef = 7AFC30AF2723034000A8315F /* MusicPresentation.swift */; };
		7AFC30B32723034000A8315F /* MusicPresentation.swift in Sources */ = {isa = PBXBuildFile; fileRef = 7AFC30AF2723034000A8315F /* MusicPresentation.swift */; };
		7AFC30B42723034000A8315F /* MusicPresentation.swift in Sources */ = {isa = PBXBuildFile; fileRef = 7AFC30AF2723034000A8315F /* MusicPresentation.swift */; };
		7AFC30B52723036900A8315F /* MusicPresentation.swift in Sources */ = {isa = PBXBuildFile; fileRef = 7AFC30AF2723034000A8315F /* MusicPresentation.swift */; };
/* End PBXBuildFile section */

/* Begin PBXContainerItemProxy section */
		7A3AF87C2721E0D40057E80A /* PBXContainerItemProxy */ = {
			isa = PBXContainerItemProxy;
			containerPortal = 7A3AF85D2721E0D20057E80A /* Project object */;
			proxyType = 1;
			remoteGlobalIDString = 7A3AF8642721E0D20057E80A;
			remoteInfo = MusicBoxMVC;
		};
		7A3AF8872721E0D40057E80A /* PBXContainerItemProxy */ = {
			isa = PBXContainerItemProxy;
			containerPortal = 7A3AF85D2721E0D20057E80A /* Project object */;
			proxyType = 1;
			remoteGlobalIDString = 7A3AF8642721E0D20057E80A;
			remoteInfo = MusicBoxMVC;
		};
		7A3AF8C22721E16C0057E80A /* PBXContainerItemProxy */ = {
			isa = PBXContainerItemProxy;
			containerPortal = 7A3AF8BD2721E16C0057E80A /* MusicBoxAPI.xcodeproj */;
			proxyType = 2;
			remoteGlobalIDString = 7A3AF8A22721E10F0057E80A;
			remoteInfo = MusicBoxAPI;
		};
		7A3AF8C42721E16C0057E80A /* PBXContainerItemProxy */ = {
			isa = PBXContainerItemProxy;
			containerPortal = 7A3AF8BD2721E16C0057E80A /* MusicBoxAPI.xcodeproj */;
			proxyType = 2;
			remoteGlobalIDString = 7A3AF8AB2721E10F0057E80A;
			remoteInfo = MusicBoxAPITests;
		};
		7AFC2F802722C4AB00A8315F /* PBXContainerItemProxy */ = {
			isa = PBXContainerItemProxy;
			containerPortal = 7AFC2F792722C4AB00A8315F /* Utility.xcodeproj */;
			proxyType = 2;
			remoteGlobalIDString = 7A3AF92C2722C1370057E80A;
			remoteInfo = Utility;
		};
		7AFC2F822722C4AB00A8315F /* PBXContainerItemProxy */ = {
			isa = PBXContainerItemProxy;
			containerPortal = 7AFC2F792722C4AB00A8315F /* Utility.xcodeproj */;
			proxyType = 2;
			remoteGlobalIDString = 7A3AF9352722C1370057E80A;
			remoteInfo = UtilityTests;
		};
		7AFC30262722D95900A8315F /* PBXContainerItemProxy */ = {
			isa = PBXContainerItemProxy;
			containerPortal = 7A3AF85D2721E0D20057E80A /* Project object */;
			proxyType = 1;
			remoteGlobalIDString = 7AFC300F2722D95800A8315F;
			remoteInfo = MusicBoxMVVM;
		};
		7AFC30312722D95900A8315F /* PBXContainerItemProxy */ = {
			isa = PBXContainerItemProxy;
			containerPortal = 7A3AF85D2721E0D20057E80A /* Project object */;
			proxyType = 1;
			remoteGlobalIDString = 7AFC300F2722D95800A8315F;
			remoteInfo = MusicBoxMVVM;
		};
/* End PBXContainerItemProxy section */

/* Begin PBXCopyFilesBuildPhase section */
		7A3AF8F12721F0A00057E80A /* Embed Frameworks */ = {
			isa = PBXCopyFilesBuildPhase;
			buildActionMask = 2147483647;
			dstPath = "";
			dstSubfolderSpec = 10;
			files = (
				7A3AF8F02721F0A00057E80A /* MusicBoxAPI.framework in Embed Frameworks */,
				7AFC2F872722CE9D00A8315F /* Utility.framework in Embed Frameworks */,
			);
			name = "Embed Frameworks";
			runOnlyForDeploymentPostprocessing = 0;
		};
		7AFC30722722EB6300A8315F /* Embed Frameworks */ = {
			isa = PBXCopyFilesBuildPhase;
			buildActionMask = 2147483647;
			dstPath = "";
			dstSubfolderSpec = 10;
			files = (
				7AFC30712722EB6300A8315F /* Utility.framework in Embed Frameworks */,
				7AFC30742722EB8E00A8315F /* MusicBoxAPI.framework in Embed Frameworks */,
			);
			name = "Embed Frameworks";
			runOnlyForDeploymentPostprocessing = 0;
		};
/* End PBXCopyFilesBuildPhase section */

/* Begin PBXFileReference section */
		7A3AF8652721E0D20057E80A /* MusicBoxMVC.app */ = {isa = PBXFileReference; explicitFileType = wrapper.application; includeInIndex = 0; path = MusicBoxMVC.app; sourceTree = BUILT_PRODUCTS_DIR; };
		7A3AF8682721E0D20057E80A /* AppDelegate.swift */ = {isa = PBXFileReference; lastKnownFileType = sourcecode.swift; path = AppDelegate.swift; sourceTree = "<group>"; };
		7A3AF86A2721E0D20057E80A /* SceneDelegate.swift */ = {isa = PBXFileReference; lastKnownFileType = sourcecode.swift; path = SceneDelegate.swift; sourceTree = "<group>"; };
		7A3AF8712721E0D40057E80A /* Assets.xcassets */ = {isa = PBXFileReference; lastKnownFileType = folder.assetcatalog; path = Assets.xcassets; sourceTree = "<group>"; };
		7A3AF8742721E0D40057E80A /* Base */ = {isa = PBXFileReference; lastKnownFileType = file.storyboard; name = Base; path = Base.lproj/LaunchScreen.storyboard; sourceTree = "<group>"; };
		7A3AF8762721E0D40057E80A /* Info.plist */ = {isa = PBXFileReference; lastKnownFileType = text.plist.xml; path = Info.plist; sourceTree = "<group>"; };
		7A3AF87B2721E0D40057E80A /* MusicBoxMVCTests.xctest */ = {isa = PBXFileReference; explicitFileType = wrapper.cfbundle; includeInIndex = 0; path = MusicBoxMVCTests.xctest; sourceTree = BUILT_PRODUCTS_DIR; };
		7A3AF87F2721E0D40057E80A /* MusicBoxMVCTests.swift */ = {isa = PBXFileReference; lastKnownFileType = sourcecode.swift; path = MusicBoxMVCTests.swift; sourceTree = "<group>"; };
		7A3AF8812721E0D40057E80A /* Info.plist */ = {isa = PBXFileReference; lastKnownFileType = text.plist.xml; path = Info.plist; sourceTree = "<group>"; };
		7A3AF8862721E0D40057E80A /* MusicBoxMVCUITests.xctest */ = {isa = PBXFileReference; explicitFileType = wrapper.cfbundle; includeInIndex = 0; path = MusicBoxMVCUITests.xctest; sourceTree = BUILT_PRODUCTS_DIR; };
		7A3AF88A2721E0D40057E80A /* MusicBoxMVCUITests.swift */ = {isa = PBXFileReference; lastKnownFileType = sourcecode.swift; path = MusicBoxMVCUITests.swift; sourceTree = "<group>"; };
		7A3AF88C2721E0D40057E80A /* Info.plist */ = {isa = PBXFileReference; lastKnownFileType = text.plist.xml; path = Info.plist; sourceTree = "<group>"; };
		7A3AF8BD2721E16C0057E80A /* MusicBoxAPI.xcodeproj */ = {isa = PBXFileReference; lastKnownFileType = "wrapper.pb-project"; name = MusicBoxAPI.xcodeproj; path = ../../MusicBoxAPI/MusicBoxAPI.xcodeproj; sourceTree = "<group>"; };
		7A3AF8DE2721E3370057E80A /* MusicListContracts.swift */ = {isa = PBXFileReference; lastKnownFileType = sourcecode.swift; path = MusicListContracts.swift; sourceTree = "<group>"; };
		7A3AF8E22721E4090057E80A /* MusicList.storyboard */ = {isa = PBXFileReference; lastKnownFileType = file.storyboard; path = MusicList.storyboard; sourceTree = "<group>"; };
		7A3AF8E62721E4A70057E80A /* MusicListView.swift */ = {isa = PBXFileReference; lastKnownFileType = sourcecode.swift; path = MusicListView.swift; sourceTree = "<group>"; };
		7A3AF8EA2721EEEB0057E80A /* MusicListViewController.swift */ = {isa = PBXFileReference; lastKnownFileType = sourcecode.swift; path = MusicListViewController.swift; sourceTree = "<group>"; };
		7A3AF8F22721F1DD0057E80A /* MusicPresentation.swift */ = {isa = PBXFileReference; lastKnownFileType = sourcecode.swift; path = MusicPresentation.swift; sourceTree = "<group>"; };
		7A3AF8F62721FF2B0057E80A /* AppContainer.swift */ = {isa = PBXFileReference; lastKnownFileType = sourcecode.swift; path = AppContainer.swift; sourceTree = "<group>"; };
		7A3AF8FA2721FF530057E80A /* AppRouter.swift */ = {isa = PBXFileReference; lastKnownFileType = sourcecode.swift; path = AppRouter.swift; sourceTree = "<group>"; };
		7A3AF8FE272200B90057E80A /* MusicListBuilder.swift */ = {isa = PBXFileReference; lastKnownFileType = sourcecode.swift; path = MusicListBuilder.swift; sourceTree = "<group>"; };
		7A3AF9082722A3490057E80A /* MusicDetailBuilder.swift */ = {isa = PBXFileReference; lastKnownFileType = sourcecode.swift; path = MusicDetailBuilder.swift; sourceTree = "<group>"; };
		7A3AF90A2722A3560057E80A /* MusicDetailContracts.swift */ = {isa = PBXFileReference; lastKnownFileType = sourcecode.swift; path = MusicDetailContracts.swift; sourceTree = "<group>"; };
		7A3AF90C2722A3640057E80A /* MusicDetailView.swift */ = {isa = PBXFileReference; lastKnownFileType = sourcecode.swift; path = MusicDetailView.swift; sourceTree = "<group>"; };
		7A3AF90E2722A36F0057E80A /* MusicDetailViewController.swift */ = {isa = PBXFileReference; lastKnownFileType = sourcecode.swift; path = MusicDetailViewController.swift; sourceTree = "<group>"; };
		7A3AF9102722A37B0057E80A /* MusicDetailPresentation.swift */ = {isa = PBXFileReference; lastKnownFileType = sourcecode.swift; path = MusicDetailPresentation.swift; sourceTree = "<group>"; };
		7A3AF9122722A3860057E80A /* MusicDetail.storyboard */ = {isa = PBXFileReference; lastKnownFileType = file.storyboard; path = MusicDetail.storyboard; sourceTree = "<group>"; };
		7A3AF9182722BED00057E80A /* ResourcesLoader.swift */ = {isa = PBXFileReference; lastKnownFileType = sourcecode.swift; path = ResourcesLoader.swift; sourceTree = "<group>"; };
		7A3AF91A2722BEE50057E80A /* Music1.json */ = {isa = PBXFileReference; lastKnownFileType = text.json; path = Music1.json; sourceTree = "<group>"; };
		7A3AF91C2722BEF10057E80A /* Music2.json */ = {isa = PBXFileReference; lastKnownFileType = text.json; path = Music2.json; sourceTree = "<group>"; };
		7A3AF9202722BF240057E80A /* Music3.json */ = {isa = PBXFileReference; lastKnownFileType = text.json; path = Music3.json; sourceTree = "<group>"; };
		7A3AF94D2722C1F00057E80A /* Utility.framework */ = {isa = PBXFileReference; explicitFileType = wrapper.framework; path = Utility.framework; sourceTree = BUILT_PRODUCTS_DIR; };
		7AFC2F792722C4AB00A8315F /* Utility.xcodeproj */ = {isa = PBXFileReference; lastKnownFileType = "wrapper.pb-project"; name = Utility.xcodeproj; path = Resources/Utility/Utility.xcodeproj; sourceTree = SOURCE_ROOT; };
		7AFC30102722D95800A8315F /* MusicBoxMVVM.app */ = {isa = PBXFileReference; explicitFileType = wrapper.application; includeInIndex = 0; path = MusicBoxMVVM.app; sourceTree = BUILT_PRODUCTS_DIR; };
		7AFC30122722D95800A8315F /* AppDelegate.swift */ = {isa = PBXFileReference; lastKnownFileType = sourcecode.swift; path = AppDelegate.swift; sourceTree = "<group>"; };
		7AFC30142722D95800A8315F /* SceneDelegate.swift */ = {isa = PBXFileReference; lastKnownFileType = sourcecode.swift; path = SceneDelegate.swift; sourceTree = "<group>"; };
		7AFC301B2722D95900A8315F /* Assets.xcassets */ = {isa = PBXFileReference; lastKnownFileType = folder.assetcatalog; path = Assets.xcassets; sourceTree = "<group>"; };
		7AFC301E2722D95900A8315F /* Base */ = {isa = PBXFileReference; lastKnownFileType = file.storyboard; name = Base; path = Base.lproj/LaunchScreen.storyboard; sourceTree = "<group>"; };
		7AFC30202722D95900A8315F /* Info.plist */ = {isa = PBXFileReference; lastKnownFileType = text.plist.xml; path = Info.plist; sourceTree = "<group>"; };
		7AFC30252722D95900A8315F /* MusicBoxMVVMTests.xctest */ = {isa = PBXFileReference; explicitFileType = wrapper.cfbundle; includeInIndex = 0; path = MusicBoxMVVMTests.xctest; sourceTree = BUILT_PRODUCTS_DIR; };
		7AFC30292722D95900A8315F /* MusicBoxMVVMTests.swift */ = {isa = PBXFileReference; lastKnownFileType = sourcecode.swift; path = MusicBoxMVVMTests.swift; sourceTree = "<group>"; };
		7AFC302B2722D95900A8315F /* Info.plist */ = {isa = PBXFileReference; lastKnownFileType = text.plist.xml; path = Info.plist; sourceTree = "<group>"; };
		7AFC30302722D95900A8315F /* MusicBoxMVVMUITests.xctest */ = {isa = PBXFileReference; explicitFileType = wrapper.cfbundle; includeInIndex = 0; path = MusicBoxMVVMUITests.xctest; sourceTree = BUILT_PRODUCTS_DIR; };
		7AFC30342722D95900A8315F /* MusicBoxMVVMUITests.swift */ = {isa = PBXFileReference; lastKnownFileType = sourcecode.swift; path = MusicBoxMVVMUITests.swift; sourceTree = "<group>"; };
		7AFC30362722D95900A8315F /* Info.plist */ = {isa = PBXFileReference; lastKnownFileType = text.plist.xml; path = Info.plist; sourceTree = "<group>"; };
		7AFC30402722DA1600A8315F /* AppRouter.swift */ = {isa = PBXFileReference; fileEncoding = 4; lastKnownFileType = sourcecode.swift; path = AppRouter.swift; sourceTree = "<group>"; };
		7AFC30412722DA1600A8315F /* Scenes */ = {isa = PBXFileReference; lastKnownFileType = folder; path = Scenes; sourceTree = "<group>"; };
		7AFC30422722DA1600A8315F /* Base.lproj */ = {isa = PBXFileReference; lastKnownFileType = folder; path = Base.lproj; sourceTree = "<group>"; };
		7AFC30442722DA1600A8315F /* AppContainer.swift */ = {isa = PBXFileReference; fileEncoding = 4; lastKnownFileType = sourcecode.swift; path = AppContainer.swift; sourceTree = "<group>"; };
		7AFC304D2722DB0700A8315F /* MusicDetailContracts.swift */ = {isa = PBXFileReference; fileEncoding = 4; lastKnownFileType = sourcecode.swift; name = MusicDetailContracts.swift; path = Scenes/MusicDetailContracts.swift; sourceTree = "<group>"; };
		7AFC304E2722DB0700A8315F /* MusicDetailView.swift */ = {isa = PBXFileReference; fileEncoding = 4; lastKnownFileType = sourcecode.swift; name = MusicDetailView.swift; path = Scenes/MusicDetailView.swift; sourceTree = "<group>"; };
		7AFC304F2722DB0700A8315F /* MusicDetailViewController.swift */ = {isa = PBXFileReference; fileEncoding = 4; lastKnownFileType = sourcecode.swift; name = MusicDetailViewController.swift; path = Scenes/MusicDetailViewController.swift; sourceTree = "<group>"; };
		7AFC30512722DB0700A8315F /* MusicListContracts.swift */ = {isa = PBXFileReference; fileEncoding = 4; lastKnownFileType = sourcecode.swift; path = MusicListContracts.swift; sourceTree = "<group>"; };
		7AFC30532722DB0700A8315F /* MusicDetailPresentation.swift */ = {isa = PBXFileReference; fileEncoding = 4; lastKnownFileType = sourcecode.swift; name = MusicDetailPresentation.swift; path = Scenes/MusicDetailPresentation.swift; sourceTree = "<group>"; };
		7AFC30542722DB0700A8315F /* MusicDetailBuilder.swift */ = {isa = PBXFileReference; fileEncoding = 4; lastKnownFileType = sourcecode.swift; name = MusicDetailBuilder.swift; path = Scenes/MusicDetailBuilder.swift; sourceTree = "<group>"; };
		7AFC30552722DB0700A8315F /* MusicList.storyboard */ = {isa = PBXFileReference; fileEncoding = 4; lastKnownFileType = file.storyboard; path = MusicList.storyboard; sourceTree = "<group>"; };
		7AFC30562722DB0800A8315F /* MusicListViewController.swift */ = {isa = PBXFileReference; fileEncoding = 4; lastKnownFileType = sourcecode.swift; path = MusicListViewController.swift; sourceTree = "<group>"; };
		7AFC30572722DB0800A8315F /* MusicDetail.storyboard */ = {isa = PBXFileReference; fileEncoding = 4; lastKnownFileType = file.storyboard; name = MusicDetail.storyboard; path = Scenes/MusicDetail.storyboard; sourceTree = "<group>"; };
		7AFC30662722E5AA00A8315F /* MusicListViewModel.swift */ = {isa = PBXFileReference; lastKnownFileType = sourcecode.swift; path = MusicListViewModel.swift; sourceTree = "<group>"; };
		7AFC306A2722E8CC00A8315F /* MockMusicsService.swift */ = {isa = PBXFileReference; lastKnownFileType = sourcecode.swift; path = MockMusicsService.swift; sourceTree = "<group>"; };
		7AFC30AF2723034000A8315F /* MusicPresentation.swift */ = {isa = PBXFileReference; fileEncoding = 4; lastKnownFileType = sourcecode.swift; path = MusicPresentation.swift; sourceTree = "<group>"; };
/* End PBXFileReference section */

/* Begin PBXFrameworksBuildPhase section */
		7A3AF8622721E0D20057E80A /* Frameworks */ = {
			isa = PBXFrameworksBuildPhase;
			buildActionMask = 2147483647;
			files = (
				7A3AF8EF2721F0A00057E80A /* MusicBoxAPI.framework in Frameworks */,
				7AFC2F862722CE9D00A8315F /* Utility.framework in Frameworks */,
			);
			runOnlyForDeploymentPostprocessing = 0;
		};
		7A3AF8782721E0D40057E80A /* Frameworks */ = {
			isa = PBXFrameworksBuildPhase;
			buildActionMask = 2147483647;
			files = (
			);
			runOnlyForDeploymentPostprocessing = 0;
		};
		7A3AF8832721E0D40057E80A /* Frameworks */ = {
			isa = PBXFrameworksBuildPhase;
			buildActionMask = 2147483647;
			files = (
			);
			runOnlyForDeploymentPostprocessing = 0;
		};
		7AFC300D2722D95800A8315F /* Frameworks */ = {
			isa = PBXFrameworksBuildPhase;
			buildActionMask = 2147483647;
			files = (
				7AFC30702722EB6300A8315F /* Utility.framework in Frameworks */,
				7AFC30732722EB8E00A8315F /* MusicBoxAPI.framework in Frameworks */,
			);
			runOnlyForDeploymentPostprocessing = 0;
		};
		7AFC30222722D95900A8315F /* Frameworks */ = {
			isa = PBXFrameworksBuildPhase;
			buildActionMask = 2147483647;
			files = (
			);
			runOnlyForDeploymentPostprocessing = 0;
		};
		7AFC302D2722D95900A8315F /* Frameworks */ = {
			isa = PBXFrameworksBuildPhase;
			buildActionMask = 2147483647;
			files = (
			);
			runOnlyForDeploymentPostprocessing = 0;
		};
/* End PBXFrameworksBuildPhase section */

/* Begin PBXGroup section */
		7A3AF85C2721E0D20057E80A = {
			isa = PBXGroup;
			children = (
				7A3AF9142722BE880057E80A /* Commons */,
				7A3AF8672721E0D20057E80A /* MusicBoxMVC */,
				7A3AF87E2721E0D40057E80A /* MusicBoxMVCTests */,
				7A3AF8892721E0D40057E80A /* MusicBoxMVCUITests */,
				7AFC30112722D95800A8315F /* MusicBoxMVVM */,
				7AFC30282722D95900A8315F /* MusicBoxMVVMTests */,
				7AFC30332722D95900A8315F /* MusicBoxMVVMUITests */,
				7A3AF8662721E0D20057E80A /* Products */,
				7A3AF8BC2721E1540057E80A /* Vendor */,
				7A3AF8EE2721F0A00057E80A /* Frameworks */,
			);
			sourceTree = "<group>";
		};
		7A3AF8662721E0D20057E80A /* Products */ = {
			isa = PBXGroup;
			children = (
				7A3AF8652721E0D20057E80A /* MusicBoxMVC.app */,
				7A3AF87B2721E0D40057E80A /* MusicBoxMVCTests.xctest */,
				7A3AF8862721E0D40057E80A /* MusicBoxMVCUITests.xctest */,
				7AFC30102722D95800A8315F /* MusicBoxMVVM.app */,
				7AFC30252722D95900A8315F /* MusicBoxMVVMTests.xctest */,
				7AFC30302722D95900A8315F /* MusicBoxMVVMUITests.xctest */,
			);
			name = Products;
			sourceTree = "<group>";
		};
		7A3AF8672721E0D20057E80A /* MusicBoxMVC */ = {
			isa = PBXGroup;
			children = (
				7A3AF8DB2721E2F80057E80A /* App */,
				7A3AF8DC2721E3010057E80A /* Scenes */,
				7A3AF86A2721E0D20057E80A /* SceneDelegate.swift */,
				7A3AF8712721E0D40057E80A /* Assets.xcassets */,
				7A3AF8732721E0D40057E80A /* LaunchScreen.storyboard */,
				7A3AF8762721E0D40057E80A /* Info.plist */,
			);
			path = MusicBoxMVC;
			sourceTree = "<group>";
		};
		7A3AF87E2721E0D40057E80A /* MusicBoxMVCTests */ = {
			isa = PBXGroup;
			children = (
				7A3AF87F2721E0D40057E80A /* MusicBoxMVCTests.swift */,
				7A3AF8812721E0D40057E80A /* Info.plist */,
			);
			path = MusicBoxMVCTests;
			sourceTree = "<group>";
		};
		7A3AF8892721E0D40057E80A /* MusicBoxMVCUITests */ = {
			isa = PBXGroup;
			children = (
				7A3AF88A2721E0D40057E80A /* MusicBoxMVCUITests.swift */,
				7A3AF88C2721E0D40057E80A /* Info.plist */,
			);
			path = MusicBoxMVCUITests;
			sourceTree = "<group>";
		};
		7A3AF8BC2721E1540057E80A /* Vendor */ = {
			isa = PBXGroup;
			children = (
				7AFC2F792722C4AB00A8315F /* Utility.xcodeproj */,
				7A3AF8BD2721E16C0057E80A /* MusicBoxAPI.xcodeproj */,
			);
			path = Vendor;
			sourceTree = "<group>";
		};
		7A3AF8BE2721E16C0057E80A /* Products */ = {
			isa = PBXGroup;
			children = (
				7A3AF8C32721E16C0057E80A /* MusicBoxAPI.framework */,
				7A3AF8C52721E16C0057E80A /* MusicBoxAPITests.xctest */,
			);
			name = Products;
			sourceTree = "<group>";
		};
		7A3AF8DB2721E2F80057E80A /* App */ = {
			isa = PBXGroup;
			children = (
				7A3AF8682721E0D20057E80A /* AppDelegate.swift */,
				7A3AF8F62721FF2B0057E80A /* AppContainer.swift */,
				7A3AF8FA2721FF530057E80A /* AppRouter.swift */,
			);
			name = App;
			sourceTree = "<group>";
		};
		7A3AF8DC2721E3010057E80A /* Scenes */ = {
			isa = PBXGroup;
			children = (
				7A3AF8DD2721E3180057E80A /* MusicList */,
				7A3AF9052722A3310057E80A /* MusicDetail */,
			);
			path = Scenes;
			sourceTree = "<group>";
		};
		7A3AF8DD2721E3180057E80A /* MusicList */ = {
			isa = PBXGroup;
			children = (
				7A3AF8E22721E4090057E80A /* MusicList.storyboard */,
				7A3AF8FE272200B90057E80A /* MusicListBuilder.swift */,
				7A3AF8DE2721E3370057E80A /* MusicListContracts.swift */,
				7A3AF8E62721E4A70057E80A /* MusicListView.swift */,
				7A3AF8EA2721EEEB0057E80A /* MusicListViewController.swift */,
				7A3AF8F22721F1DD0057E80A /* MusicPresentation.swift */,
			);
			name = MusicList;
			sourceTree = "<group>";
		};
		7A3AF8EE2721F0A00057E80A /* Frameworks */ = {
			isa = PBXGroup;
			children = (
				7A3AF94D2722C1F00057E80A /* Utility.framework */,
			);
			name = Frameworks;
			sourceTree = "<group>";
		};
		7A3AF9052722A3310057E80A /* MusicDetail */ = {
			isa = PBXGroup;
			children = (
				7A3AF9122722A3860057E80A /* MusicDetail.storyboard */,
				7A3AF9082722A3490057E80A /* MusicDetailBuilder.swift */,
				7A3AF90A2722A3560057E80A /* MusicDetailContracts.swift */,
				7A3AF90C2722A3640057E80A /* MusicDetailView.swift */,
				7A3AF90E2722A36F0057E80A /* MusicDetailViewController.swift */,
				7A3AF9102722A37B0057E80A /* MusicDetailPresentation.swift */,
			);
			name = MusicDetail;
			sourceTree = "<group>";
		};
		7A3AF9142722BE880057E80A /* Commons */ = {
			isa = PBXGroup;
			children = (
				7A3AF9152722BE920057E80A /* Presentations */,
				7A3AF9162722BE9B0057E80A /* Test */,
			);
			name = Commons;
			sourceTree = "<group>";
		};
		7A3AF9152722BE920057E80A /* Presentations */ = {
			isa = PBXGroup;
			children = (
			);
			path = Presentations;
			sourceTree = "<group>";
		};
		7A3AF9162722BE9B0057E80A /* Test */ = {
			isa = PBXGroup;
			children = (
				7AFC30692722E88200A8315F /* Mocks */,
				7A3AF9172722BEB00057E80A /* Resources */,
			);
			name = Test;
			sourceTree = "<group>";
		};
		7A3AF9172722BEB00057E80A /* Resources */ = {
			isa = PBXGroup;
			children = (
				7A3AF9182722BED00057E80A /* ResourcesLoader.swift */,
				7A3AF91A2722BEE50057E80A /* Music1.json */,
				7A3AF91C2722BEF10057E80A /* Music2.json */,
				7A3AF9202722BF240057E80A /* Music3.json */,
			);
			path = Resources;
			sourceTree = "<group>";
		};
		7AFC2F7A2722C4AB00A8315F /* Products */ = {
			isa = PBXGroup;
			children = (
				7AFC2F812722C4AB00A8315F /* Utility.framework */,
				7AFC2F832722C4AB00A8315F /* UtilityTests.xctest */,
			);
			name = Products;
			sourceTree = "<group>";
		};
		7AFC30112722D95800A8315F /* MusicBoxMVVM */ = {
			isa = PBXGroup;
			children = (
				7AFC304A2722DA2E00A8315F /* App */,
				7AFC30142722D95800A8315F /* SceneDelegate.swift */,
				7AFC304B2722DAD900A8315F /* Scenes */,
				7AFC30422722DA1600A8315F /* Base.lproj */,
				7AFC30412722DA1600A8315F /* Scenes */,
				7AFC301B2722D95900A8315F /* Assets.xcassets */,
				7AFC301D2722D95900A8315F /* LaunchScreen.storyboard */,
				7AFC30202722D95900A8315F /* Info.plist */,
			);
			path = MusicBoxMVVM;
			sourceTree = "<group>";
		};
		7AFC30282722D95900A8315F /* MusicBoxMVVMTests */ = {
			isa = PBXGroup;
			children = (
				7AFC30292722D95900A8315F /* MusicBoxMVVMTests.swift */,
				7AFC302B2722D95900A8315F /* Info.plist */,
			);
			path = MusicBoxMVVMTests;
			sourceTree = "<group>";
		};
		7AFC30332722D95900A8315F /* MusicBoxMVVMUITests */ = {
			isa = PBXGroup;
			children = (
				7AFC30342722D95900A8315F /* MusicBoxMVVMUITests.swift */,
				7AFC30362722D95900A8315F /* Info.plist */,
			);
			path = MusicBoxMVVMUITests;
			sourceTree = "<group>";
		};
		7AFC304A2722DA2E00A8315F /* App */ = {
			isa = PBXGroup;
			children = (
				7AFC30122722D95800A8315F /* AppDelegate.swift */,
				7AFC30442722DA1600A8315F /* AppContainer.swift */,
				7AFC30402722DA1600A8315F /* AppRouter.swift */,
			);
			path = App;
			sourceTree = "<group>";
		};
		7AFC304B2722DAD900A8315F /* Scenes */ = {
			isa = PBXGroup;
			children = (
				7AFC30642722DB6C00A8315F /* MusicList */,
				7AFC30652722DB7300A8315F /* MusicDetail */,
			);
			name = Scenes;
			sourceTree = "<group>";
		};
		7AFC30642722DB6C00A8315F /* MusicList */ = {
			isa = PBXGroup;
			children = (
				7AFC30552722DB0700A8315F /* MusicList.storyboard */,
				7AFC30512722DB0700A8315F /* MusicListContracts.swift */,
				7AFC30562722DB0800A8315F /* MusicListViewController.swift */,
				7AFC30662722E5AA00A8315F /* MusicListViewModel.swift */,
				7AFC30AF2723034000A8315F /* MusicPresentation.swift */,
			);
			path = MusicList;
			sourceTree = "<group>";
		};
		7AFC30652722DB7300A8315F /* MusicDetail */ = {
			isa = PBXGroup;
			children = (
				7AFC30572722DB0800A8315F /* MusicDetail.storyboard */,
				7AFC30542722DB0700A8315F /* MusicDetailBuilder.swift */,
				7AFC304D2722DB0700A8315F /* MusicDetailContracts.swift */,
				7AFC30532722DB0700A8315F /* MusicDetailPresentation.swift */,
				7AFC304E2722DB0700A8315F /* MusicDetailView.swift */,
				7AFC304F2722DB0700A8315F /* MusicDetailViewController.swift */,
			);
			name = MusicDetail;
			sourceTree = "<group>";
		};
		7AFC30692722E88200A8315F /* Mocks */ = {
			isa = PBXGroup;
			children = (
				7AFC306A2722E8CC00A8315F /* MockMusicsService.swift */,
			);
			name = Mocks;
			sourceTree = "<group>";
		};
/* End PBXGroup section */

/* Begin PBXNativeTarget section */
		7A3AF8642721E0D20057E80A /* MusicBoxMVC */ = {
			isa = PBXNativeTarget;
			buildConfigurationList = 7A3AF88F2721E0D40057E80A /* Build configuration list for PBXNativeTarget "MusicBoxMVC" */;
			buildPhases = (
				7A3AF8612721E0D20057E80A /* Sources */,
				7A3AF8622721E0D20057E80A /* Frameworks */,
				7A3AF8632721E0D20057E80A /* Resources */,
				7A3AF8F12721F0A00057E80A /* Embed Frameworks */,
			);
			buildRules = (
			);
			dependencies = (
			);
			name = MusicBoxMVC;
			productName = MusicBoxMVC;
			productReference = 7A3AF8652721E0D20057E80A /* MusicBoxMVC.app */;
			productType = "com.apple.product-type.application";
		};
		7A3AF87A2721E0D40057E80A /* MusicBoxMVCTests */ = {
			isa = PBXNativeTarget;
			buildConfigurationList = 7A3AF8922721E0D40057E80A /* Build configuration list for PBXNativeTarget "MusicBoxMVCTests" */;
			buildPhases = (
				7A3AF8772721E0D40057E80A /* Sources */,
				7A3AF8782721E0D40057E80A /* Frameworks */,
				7A3AF8792721E0D40057E80A /* Resources */,
			);
			buildRules = (
			);
			dependencies = (
				7A3AF87D2721E0D40057E80A /* PBXTargetDependency */,
			);
			name = MusicBoxMVCTests;
			productName = MusicBoxMVCTests;
			productReference = 7A3AF87B2721E0D40057E80A /* MusicBoxMVCTests.xctest */;
			productType = "com.apple.product-type.bundle.unit-test";
		};
		7A3AF8852721E0D40057E80A /* MusicBoxMVCUITests */ = {
			isa = PBXNativeTarget;
			buildConfigurationList = 7A3AF8952721E0D40057E80A /* Build configuration list for PBXNativeTarget "MusicBoxMVCUITests" */;
			buildPhases = (
				7A3AF8822721E0D40057E80A /* Sources */,
				7A3AF8832721E0D40057E80A /* Frameworks */,
				7A3AF8842721E0D40057E80A /* Resources */,
			);
			buildRules = (
			);
			dependencies = (
				7A3AF8882721E0D40057E80A /* PBXTargetDependency */,
			);
			name = MusicBoxMVCUITests;
			productName = MusicBoxMVCUITests;
			productReference = 7A3AF8862721E0D40057E80A /* MusicBoxMVCUITests.xctest */;
			productType = "com.apple.product-type.bundle.ui-testing";
		};
		7AFC300F2722D95800A8315F /* MusicBoxMVVM */ = {
			isa = PBXNativeTarget;
			buildConfigurationList = 7AFC30372722D95900A8315F /* Build configuration list for PBXNativeTarget "MusicBoxMVVM" */;
			buildPhases = (
				7AFC300C2722D95800A8315F /* Sources */,
				7AFC300D2722D95800A8315F /* Frameworks */,
				7AFC300E2722D95800A8315F /* Resources */,
				7AFC30722722EB6300A8315F /* Embed Frameworks */,
			);
			buildRules = (
			);
			dependencies = (
			);
			name = MusicBoxMVVM;
			productName = MusicBoxMVVM;
			productReference = 7AFC30102722D95800A8315F /* MusicBoxMVVM.app */;
			productType = "com.apple.product-type.application";
		};
		7AFC30242722D95900A8315F /* MusicBoxMVVMTests */ = {
			isa = PBXNativeTarget;
			buildConfigurationList = 7AFC303A2722D95900A8315F /* Build configuration list for PBXNativeTarget "MusicBoxMVVMTests" */;
			buildPhases = (
				7AFC30212722D95900A8315F /* Sources */,
				7AFC30222722D95900A8315F /* Frameworks */,
				7AFC30232722D95900A8315F /* Resources */,
			);
			buildRules = (
			);
			dependencies = (
				7AFC30272722D95900A8315F /* PBXTargetDependency */,
			);
			name = MusicBoxMVVMTests;
			productName = MusicBoxMVVMTests;
			productReference = 7AFC30252722D95900A8315F /* MusicBoxMVVMTests.xctest */;
			productType = "com.apple.product-type.bundle.unit-test";
		};
		7AFC302F2722D95900A8315F /* MusicBoxMVVMUITests */ = {
			isa = PBXNativeTarget;
			buildConfigurationList = 7AFC303D2722D95900A8315F /* Build configuration list for PBXNativeTarget "MusicBoxMVVMUITests" */;
			buildPhases = (
				7AFC302C2722D95900A8315F /* Sources */,
				7AFC302D2722D95900A8315F /* Frameworks */,
				7AFC302E2722D95900A8315F /* Resources */,
			);
			buildRules = (
			);
			dependencies = (
				7AFC30322722D95900A8315F /* PBXTargetDependency */,
			);
			name = MusicBoxMVVMUITests;
			productName = MusicBoxMVVMUITests;
			productReference = 7AFC30302722D95900A8315F /* MusicBoxMVVMUITests.xctest */;
			productType = "com.apple.product-type.bundle.ui-testing";
		};
/* End PBXNativeTarget section */

/* Begin PBXProject section */
		7A3AF85D2721E0D20057E80A /* Project object */ = {
			isa = PBXProject;
			attributes = {
				LastSwiftUpdateCheck = 1250;
				LastUpgradeCheck = 1250;
				TargetAttributes = {
					7A3AF8642721E0D20057E80A = {
						CreatedOnToolsVersion = 12.5.1;
					};
					7A3AF87A2721E0D40057E80A = {
						CreatedOnToolsVersion = 12.5.1;
						TestTargetID = 7A3AF8642721E0D20057E80A;
					};
					7A3AF8852721E0D40057E80A = {
						CreatedOnToolsVersion = 12.5.1;
						TestTargetID = 7A3AF8642721E0D20057E80A;
					};
					7AFC300F2722D95800A8315F = {
						CreatedOnToolsVersion = 12.5.1;
					};
					7AFC30242722D95900A8315F = {
						CreatedOnToolsVersion = 12.5.1;
						TestTargetID = 7AFC300F2722D95800A8315F;
					};
					7AFC302F2722D95900A8315F = {
						CreatedOnToolsVersion = 12.5.1;
						TestTargetID = 7AFC300F2722D95800A8315F;
					};
				};
			};
			buildConfigurationList = 7A3AF8602721E0D20057E80A /* Build configuration list for PBXProject "MusicBoxMVC" */;
			compatibilityVersion = "Xcode 9.3";
			developmentRegion = en;
			hasScannedForEncodings = 0;
			knownRegions = (
				en,
				Base,
			);
			mainGroup = 7A3AF85C2721E0D20057E80A;
			productRefGroup = 7A3AF8662721E0D20057E80A /* Products */;
			projectDirPath = "";
			projectReferences = (
				{
					ProductGroup = 7A3AF8BE2721E16C0057E80A /* Products */;
					ProjectRef = 7A3AF8BD2721E16C0057E80A /* MusicBoxAPI.xcodeproj */;
				},
				{
					ProductGroup = 7AFC2F7A2722C4AB00A8315F /* Products */;
					ProjectRef = 7AFC2F792722C4AB00A8315F /* Utility.xcodeproj */;
				},
			);
			projectRoot = "";
			targets = (
				7A3AF8642721E0D20057E80A /* MusicBoxMVC */,
				7A3AF87A2721E0D40057E80A /* MusicBoxMVCTests */,
				7A3AF8852721E0D40057E80A /* MusicBoxMVCUITests */,
				7AFC300F2722D95800A8315F /* MusicBoxMVVM */,
				7AFC30242722D95900A8315F /* MusicBoxMVVMTests */,
				7AFC302F2722D95900A8315F /* MusicBoxMVVMUITests */,
			);
		};
/* End PBXProject section */

/* Begin PBXReferenceProxy section */
		7A3AF8C32721E16C0057E80A /* MusicBoxAPI.framework */ = {
			isa = PBXReferenceProxy;
			fileType = wrapper.framework;
			path = MusicBoxAPI.framework;
			remoteRef = 7A3AF8C22721E16C0057E80A /* PBXContainerItemProxy */;
			sourceTree = BUILT_PRODUCTS_DIR;
		};
		7A3AF8C52721E16C0057E80A /* MusicBoxAPITests.xctest */ = {
			isa = PBXReferenceProxy;
			fileType = wrapper.cfbundle;
			path = MusicBoxAPITests.xctest;
			remoteRef = 7A3AF8C42721E16C0057E80A /* PBXContainerItemProxy */;
			sourceTree = BUILT_PRODUCTS_DIR;
		};
		7AFC2F812722C4AB00A8315F /* Utility.framework */ = {
			isa = PBXReferenceProxy;
			fileType = wrapper.framework;
			path = Utility.framework;
			remoteRef = 7AFC2F802722C4AB00A8315F /* PBXContainerItemProxy */;
			sourceTree = BUILT_PRODUCTS_DIR;
		};
		7AFC2F832722C4AB00A8315F /* UtilityTests.xctest */ = {
			isa = PBXReferenceProxy;
			fileType = wrapper.cfbundle;
			path = UtilityTests.xctest;
			remoteRef = 7AFC2F822722C4AB00A8315F /* PBXContainerItemProxy */;
			sourceTree = BUILT_PRODUCTS_DIR;
		};
/* End PBXReferenceProxy section */

/* Begin PBXResourcesBuildPhase section */
		7A3AF8632721E0D20057E80A /* Resources */ = {
			isa = PBXResourcesBuildPhase;
			buildActionMask = 2147483647;
			files = (
				7A3AF8752721E0D40057E80A /* LaunchScreen.storyboard in Resources */,
				7A3AF9132722A3860057E80A /* MusicDetail.storyboard in Resources */,
				7A3AF91D2722BEF10057E80A /* Music2.json in Resources */,
				7A3AF9212722BF240057E80A /* Music3.json in Resources */,
				7A3AF91B2722BEE50057E80A /* Music1.json in Resources */,
				7A3AF8722721E0D40057E80A /* Assets.xcassets in Resources */,
				7A3AF8E32721E4090057E80A /* MusicList.storyboard in Resources */,
			);
			runOnlyForDeploymentPostprocessing = 0;
		};
		7A3AF8792721E0D40057E80A /* Resources */ = {
			isa = PBXResourcesBuildPhase;
			buildActionMask = 2147483647;
			files = (
				7A3AF8E42721E4090057E80A /* MusicList.storyboard in Resources */,
				7AFC30922723004900A8315F /* Music1.json in Resources */,
				7AFC30972723004E00A8315F /* Music2.json in Resources */,
				7AFC309C2723005300A8315F /* Music3.json in Resources */,
			);
			runOnlyForDeploymentPostprocessing = 0;
		};
		7A3AF8842721E0D40057E80A /* Resources */ = {
			isa = PBXResourcesBuildPhase;
			buildActionMask = 2147483647;
			files = (
				7A3AF8E52721E4090057E80A /* MusicList.storyboard in Resources */,
				7AFC30932723004A00A8315F /* Music1.json in Resources */,
				7AFC30982723004E00A8315F /* Music2.json in Resources */,
				7AFC309D2723005400A8315F /* Music3.json in Resources */,
			);
			runOnlyForDeploymentPostprocessing = 0;
		};
		7AFC300E2722D95800A8315F /* Resources */ = {
			isa = PBXResourcesBuildPhase;
			buildActionMask = 2147483647;
			files = (
				7AFC301F2722D95900A8315F /* LaunchScreen.storyboard in Resources */,
				7AFC30942723004A00A8315F /* Music1.json in Resources */,
				7AFC301C2722D95900A8315F /* Assets.xcassets in Resources */,
				7AFC30632722DB0800A8315F /* MusicDetail.storyboard in Resources */,
				7AFC30472722DA1600A8315F /* Base.lproj in Resources */,
				7AFC309E2723005400A8315F /* Music3.json in Resources */,
				7AFC30612722DB0800A8315F /* MusicList.storyboard in Resources */,
				7AFC309A2723004F00A8315F /* Music2.json in Resources */,
				7AFC30462722DA1600A8315F /* Scenes in Resources */,
			);
			runOnlyForDeploymentPostprocessing = 0;
		};
		7AFC30232722D95900A8315F /* Resources */ = {
			isa = PBXResourcesBuildPhase;
			buildActionMask = 2147483647;
			files = (
				7AFC30A12723007400A8315F /* MusicList.storyboard in Resources */,
				7AFC30A32723008400A8315F /* MusicDetail.storyboard in Resources */,
				7AFC30992723004F00A8315F /* Music2.json in Resources */,
				7AFC30952723004B00A8315F /* Music1.json in Resources */,
				7AFC309F2723005400A8315F /* Music3.json in Resources */,
			);
			runOnlyForDeploymentPostprocessing = 0;
		};
		7AFC302E2722D95900A8315F /* Resources */ = {
			isa = PBXResourcesBuildPhase;
			buildActionMask = 2147483647;
			files = (
				7AFC30A22723007400A8315F /* MusicList.storyboard in Resources */,
				7AFC30A42723008400A8315F /* MusicDetail.storyboard in Resources */,
				7AFC309B2723005000A8315F /* Music2.json in Resources */,
				7AFC30962723004B00A8315F /* Music1.json in Resources */,
				7AFC30A02723005500A8315F /* Music3.json in Resources */,
			);
			runOnlyForDeploymentPostprocessing = 0;
		};
/* End PBXResourcesBuildPhase section */

/* Begin PBXSourcesBuildPhase section */
		7A3AF8612721E0D20057E80A /* Sources */ = {
			isa = PBXSourcesBuildPhase;
			buildActionMask = 2147483647;
			files = (
				7A3AF9092722A3490057E80A /* MusicDetailBuilder.swift in Sources */,
				7AFC306B2722E8CC00A8315F /* MockMusicsService.swift in Sources */,
				7A3AF8DF2721E3370057E80A /* MusicListContracts.swift in Sources */,
				7A3AF90F2722A36F0057E80A /* MusicDetailViewController.swift in Sources */,
				7A3AF8F72721FF2B0057E80A /* AppContainer.swift in Sources */,
				7A3AF8F32721F1DD0057E80A /* MusicPresentation.swift in Sources */,
				7A3AF8EB2721EEEB0057E80A /* MusicListViewController.swift in Sources */,
				7A3AF8FB2721FF530057E80A /* AppRouter.swift in Sources */,
				7A3AF8E72721E4A70057E80A /* MusicListView.swift in Sources */,
				7A3AF8FF272200B90057E80A /* MusicListBuilder.swift in Sources */,
				7A3AF90B2722A3560057E80A /* MusicDetailContracts.swift in Sources */,
				7A3AF9112722A37B0057E80A /* MusicDetailPresentation.swift in Sources */,
				7AFC30B02723034000A8315F /* MusicPresentation.swift in Sources */,
				7A3AF8692721E0D20057E80A /* AppDelegate.swift in Sources */,
				7A3AF9192722BED00057E80A /* ResourcesLoader.swift in Sources */,
				7A3AF86B2721E0D20057E80A /* SceneDelegate.swift in Sources */,
				7A3AF90D2722A3640057E80A /* MusicDetailView.swift in Sources */,
			);
			runOnlyForDeploymentPostprocessing = 0;
		};
		7A3AF8772721E0D40057E80A /* Sources */ = {
			isa = PBXSourcesBuildPhase;
			buildActionMask = 2147483647;
			files = (
				7AFC30752722F6C700A8315F /* MusicDetailBuilder.swift in Sources */,
				7A3AF8EC2721EEEB0057E80A /* MusicListViewController.swift in Sources */,
				7A3AF8E02721E3370057E80A /* MusicListContracts.swift in Sources */,
				7AFC307D2722F79C00A8315F /* MusicDetailPresentation.swift in Sources */,
				7AFC307F2722F7B300A8315F /* MusicDetailContracts.swift in Sources */,
				7A3AF8802721E0D40057E80A /* MusicBoxMVCTests.swift in Sources */,
				7A3AF8E82721E4A70057E80A /* MusicListView.swift in Sources */,
				7A3AF8FC2721FF530057E80A /* AppRouter.swift in Sources */,
				7AFC30792722F77100A8315F /* MusicDetailViewController.swift in Sources */,
				7A3AF900272200B90057E80A /* MusicListBuilder.swift in Sources */,
				7A3AF8F42721F1DD0057E80A /* MusicPresentation.swift in Sources */,
				7A3AF8F82721FF2B0057E80A /* AppContainer.swift in Sources */,
				7AFC30842722FA5100A8315F /* ResourcesLoader.swift in Sources */,
				7AFC306C2722E8CC00A8315F /* MockMusicsService.swift in Sources */,
				7AFC307B2722F79400A8315F /* MusicDetailView.swift in Sources */,
				7AFC30B12723034000A8315F /* MusicPresentation.swift in Sources */,
			);
			runOnlyForDeploymentPostprocessing = 0;
		};
		7A3AF8822721E0D40057E80A /* Sources */ = {
			isa = PBXSourcesBuildPhase;
			buildActionMask = 2147483647;
			files = (
				7A3AF8E12721E3370057E80A /* MusicListContracts.swift in Sources */,
				7A3AF88B2721E0D40057E80A /* MusicBoxMVCUITests.swift in Sources */,
				7A3AF8E92721E4A70057E80A /* MusicListView.swift in Sources */,
				7AFC307E2722F79D00A8315F /* MusicDetailPresentation.swift in Sources */,
				7AFC30802722F7B400A8315F /* MusicDetailContracts.swift in Sources */,
				7AFC30772722F74800A8315F /* MusicDetailBuilder.swift in Sources */,
				7A3AF8FD2721FF530057E80A /* AppRouter.swift in Sources */,
				7A3AF901272200B90057E80A /* MusicListBuilder.swift in Sources */,
				7AFC307A2722F77200A8315F /* MusicDetailViewController.swift in Sources */,
				7AFC30782722F74D00A8315F /* MusicListViewController.swift in Sources */,
				7A3AF8F52721F1DD0057E80A /* MusicPresentation.swift in Sources */,
				7A3AF8F92721FF2B0057E80A /* AppContainer.swift in Sources */,
				7AFC30832722FA5000A8315F /* ResourcesLoader.swift in Sources */,
				7AFC306D2722E8CC00A8315F /* MockMusicsService.swift in Sources */,
				7AFC307C2722F79500A8315F /* MusicDetailView.swift in Sources */,
				7AFC30B22723034000A8315F /* MusicPresentation.swift in Sources */,
			);
			runOnlyForDeploymentPostprocessing = 0;
		};
		7AFC300C2722D95800A8315F /* Sources */ = {
			isa = PBXSourcesBuildPhase;
			buildActionMask = 2147483647;
			files = (
				7AFC30602722DB0800A8315F /* MusicDetailBuilder.swift in Sources */,
				7AFC30452722DA1600A8315F /* AppRouter.swift in Sources */,
				7AFC30822722FA4A00A8315F /* ResourcesLoader.swift in Sources */,
				7AFC306E2722E8CC00A8315F /* MockMusicsService.swift in Sources */,
				7AFC305F2722DB0800A8315F /* MusicDetailPresentation.swift in Sources */,
				7AFC30622722DB0800A8315F /* MusicListViewController.swift in Sources */,
				7AFC30492722DA1600A8315F /* AppContainer.swift in Sources */,
				7AFC30592722DB0800A8315F /* MusicDetailContracts.swift in Sources */,
				7AFC305D2722DB0800A8315F /* MusicListContracts.swift in Sources */,
				7AFC30B32723034000A8315F /* MusicPresentation.swift in Sources */,
				7AFC30132722D95800A8315F /* AppDelegate.swift in Sources */,
				7AFC305B2722DB0800A8315F /* MusicDetailViewController.swift in Sources */,
				7AFC30152722D95800A8315F /* SceneDelegate.swift in Sources */,
				7AFC30672722E5AA00A8315F /* MusicListViewModel.swift in Sources */,
				7AFC305A2722DB0800A8315F /* MusicDetailView.swift in Sources */,
			);
			runOnlyForDeploymentPostprocessing = 0;
		};
		7AFC30212722D95900A8315F /* Sources */ = {
			isa = PBXSourcesBuildPhase;
			buildActionMask = 2147483647;
			files = (
				7AFC30A92723008E00A8315F /* MusicDetailPresentation.swift in Sources */,
				7AFC30A72723008B00A8315F /* MusicDetailContracts.swift in Sources */,
				7AFC30AE2723009500A8315F /* MusicDetailViewController.swift in Sources */,
				7AFC30B42723034000A8315F /* MusicPresentation.swift in Sources */,
				7AFC30682722E5AA00A8315F /* MusicListViewModel.swift in Sources */,
				7AFC302A2722D95900A8315F /* MusicBoxMVVMTests.swift in Sources */,
				7AFC30A52723008800A8315F /* MusicDetailBuilder.swift in Sources */,
				7AFC30892722FF8700A8315F /* MusicListContracts.swift in Sources */,
				7AFC30852722FA5100A8315F /* ResourcesLoader.swift in Sources */,
				7AFC306F2722E8CC00A8315F /* MockMusicsService.swift in Sources */,
				7AFC308B2722FF8A00A8315F /* MusicListViewController.swift in Sources */,
				7AFC30AB2723009100A8315F /* MusicDetailView.swift in Sources */,
			);
			runOnlyForDeploymentPostprocessing = 0;
		};
		7AFC302C2722D95900A8315F /* Sources */ = {
			isa = PBXSourcesBuildPhase;
			buildActionMask = 2147483647;
			files = (
				7AFC30AA2723008E00A8315F /* MusicDetailPresentation.swift in Sources */,
				7AFC30A82723008B00A8315F /* MusicDetailContracts.swift in Sources */,
				7AFC30AD2723009500A8315F /* MusicDetailViewController.swift in Sources */,
				7AFC30B52723036900A8315F /* MusicPresentation.swift in Sources */,
				7AFC30862722FA5200A8315F /* ResourcesLoader.swift in Sources */,
				7AFC30912723004500A8315F /* MockMusicsService.swift in Sources */,
				7AFC308C2722FF8B00A8315F /* MusicListViewController.swift in Sources */,
				7AFC30A62723008900A8315F /* MusicDetailBuilder.swift in Sources */,
				7AFC308A2722FF8800A8315F /* MusicListContracts.swift in Sources */,
				7AFC30352722D95900A8315F /* MusicBoxMVVMUITests.swift in Sources */,
				7AFC308F2722FF8F00A8315F /* MusicListViewModel.swift in Sources */,
				7AFC30AC2723009100A8315F /* MusicDetailView.swift in Sources */,
			);
			runOnlyForDeploymentPostprocessing = 0;
		};
/* End PBXSourcesBuildPhase section */

/* Begin PBXTargetDependency section */
		7A3AF87D2721E0D40057E80A /* PBXTargetDependency */ = {
			isa = PBXTargetDependency;
			target = 7A3AF8642721E0D20057E80A /* MusicBoxMVC */;
			targetProxy = 7A3AF87C2721E0D40057E80A /* PBXContainerItemProxy */;
		};
		7A3AF8882721E0D40057E80A /* PBXTargetDependency */ = {
			isa = PBXTargetDependency;
			target = 7A3AF8642721E0D20057E80A /* MusicBoxMVC */;
			targetProxy = 7A3AF8872721E0D40057E80A /* PBXContainerItemProxy */;
		};
		7AFC30272722D95900A8315F /* PBXTargetDependency */ = {
			isa = PBXTargetDependency;
			target = 7AFC300F2722D95800A8315F /* MusicBoxMVVM */;
			targetProxy = 7AFC30262722D95900A8315F /* PBXContainerItemProxy */;
		};
		7AFC30322722D95900A8315F /* PBXTargetDependency */ = {
			isa = PBXTargetDependency;
			target = 7AFC300F2722D95800A8315F /* MusicBoxMVVM */;
			targetProxy = 7AFC30312722D95900A8315F /* PBXContainerItemProxy */;
		};
/* End PBXTargetDependency section */

/* Begin PBXVariantGroup section */
		7A3AF8732721E0D40057E80A /* LaunchScreen.storyboard */ = {
			isa = PBXVariantGroup;
			children = (
				7A3AF8742721E0D40057E80A /* Base */,
			);
			name = LaunchScreen.storyboard;
			sourceTree = "<group>";
		};
		7AFC301D2722D95900A8315F /* LaunchScreen.storyboard */ = {
			isa = PBXVariantGroup;
			children = (
				7AFC301E2722D95900A8315F /* Base */,
			);
			name = LaunchScreen.storyboard;
			sourceTree = "<group>";
		};
/* End PBXVariantGroup section */

/* Begin XCBuildConfiguration section */
		7A3AF88D2721E0D40057E80A /* Debug */ = {
			isa = XCBuildConfiguration;
			buildSettings = {
				ALWAYS_SEARCH_USER_PATHS = NO;
				CLANG_ANALYZER_NONNULL = YES;
				CLANG_ANALYZER_NUMBER_OBJECT_CONVERSION = YES_AGGRESSIVE;
				CLANG_CXX_LANGUAGE_STANDARD = "gnu++14";
				CLANG_CXX_LIBRARY = "libc++";
				CLANG_ENABLE_MODULES = YES;
				CLANG_ENABLE_OBJC_ARC = YES;
				CLANG_ENABLE_OBJC_WEAK = YES;
				CLANG_WARN_BLOCK_CAPTURE_AUTORELEASING = YES;
				CLANG_WARN_BOOL_CONVERSION = YES;
				CLANG_WARN_COMMA = YES;
				CLANG_WARN_CONSTANT_CONVERSION = YES;
				CLANG_WARN_DEPRECATED_OBJC_IMPLEMENTATIONS = YES;
				CLANG_WARN_DIRECT_OBJC_ISA_USAGE = YES_ERROR;
				CLANG_WARN_DOCUMENTATION_COMMENTS = YES;
				CLANG_WARN_EMPTY_BODY = YES;
				CLANG_WARN_ENUM_CONVERSION = YES;
				CLANG_WARN_INFINITE_RECURSION = YES;
				CLANG_WARN_INT_CONVERSION = YES;
				CLANG_WARN_NON_LITERAL_NULL_CONVERSION = YES;
				CLANG_WARN_OBJC_IMPLICIT_RETAIN_SELF = YES;
				CLANG_WARN_OBJC_LITERAL_CONVERSION = YES;
				CLANG_WARN_OBJC_ROOT_CLASS = YES_ERROR;
				CLANG_WARN_QUOTED_INCLUDE_IN_FRAMEWORK_HEADER = YES;
				CLANG_WARN_RANGE_LOOP_ANALYSIS = YES;
				CLANG_WARN_STRICT_PROTOTYPES = YES;
				CLANG_WARN_SUSPICIOUS_MOVE = YES;
				CLANG_WARN_UNGUARDED_AVAILABILITY = YES_AGGRESSIVE;
				CLANG_WARN_UNREACHABLE_CODE = YES;
				CLANG_WARN__DUPLICATE_METHOD_MATCH = YES;
				COPY_PHASE_STRIP = NO;
				DEBUG_INFORMATION_FORMAT = dwarf;
				ENABLE_STRICT_OBJC_MSGSEND = YES;
				ENABLE_TESTABILITY = YES;
				GCC_C_LANGUAGE_STANDARD = gnu11;
				GCC_DYNAMIC_NO_PIC = NO;
				GCC_NO_COMMON_BLOCKS = YES;
				GCC_OPTIMIZATION_LEVEL = 0;
				GCC_PREPROCESSOR_DEFINITIONS = (
					"DEBUG=1",
					"$(inherited)",
				);
				GCC_WARN_64_TO_32_BIT_CONVERSION = YES;
				GCC_WARN_ABOUT_RETURN_TYPE = YES_ERROR;
				GCC_WARN_UNDECLARED_SELECTOR = YES;
				GCC_WARN_UNINITIALIZED_AUTOS = YES_AGGRESSIVE;
				GCC_WARN_UNUSED_FUNCTION = YES;
				GCC_WARN_UNUSED_VARIABLE = YES;
				IPHONEOS_DEPLOYMENT_TARGET = 14.5;
				MTL_ENABLE_DEBUG_INFO = INCLUDE_SOURCE;
				MTL_FAST_MATH = YES;
				ONLY_ACTIVE_ARCH = YES;
				SDKROOT = iphoneos;
				SWIFT_ACTIVE_COMPILATION_CONDITIONS = DEBUG;
				SWIFT_OPTIMIZATION_LEVEL = "-Onone";
			};
			name = Debug;
		};
		7A3AF88E2721E0D40057E80A /* Release */ = {
			isa = XCBuildConfiguration;
			buildSettings = {
				ALWAYS_SEARCH_USER_PATHS = NO;
				CLANG_ANALYZER_NONNULL = YES;
				CLANG_ANALYZER_NUMBER_OBJECT_CONVERSION = YES_AGGRESSIVE;
				CLANG_CXX_LANGUAGE_STANDARD = "gnu++14";
				CLANG_CXX_LIBRARY = "libc++";
				CLANG_ENABLE_MODULES = YES;
				CLANG_ENABLE_OBJC_ARC = YES;
				CLANG_ENABLE_OBJC_WEAK = YES;
				CLANG_WARN_BLOCK_CAPTURE_AUTORELEASING = YES;
				CLANG_WARN_BOOL_CONVERSION = YES;
				CLANG_WARN_COMMA = YES;
				CLANG_WARN_CONSTANT_CONVERSION = YES;
				CLANG_WARN_DEPRECATED_OBJC_IMPLEMENTATIONS = YES;
				CLANG_WARN_DIRECT_OBJC_ISA_USAGE = YES_ERROR;
				CLANG_WARN_DOCUMENTATION_COMMENTS = YES;
				CLANG_WARN_EMPTY_BODY = YES;
				CLANG_WARN_ENUM_CONVERSION = YES;
				CLANG_WARN_INFINITE_RECURSION = YES;
				CLANG_WARN_INT_CONVERSION = YES;
				CLANG_WARN_NON_LITERAL_NULL_CONVERSION = YES;
				CLANG_WARN_OBJC_IMPLICIT_RETAIN_SELF = YES;
				CLANG_WARN_OBJC_LITERAL_CONVERSION = YES;
				CLANG_WARN_OBJC_ROOT_CLASS = YES_ERROR;
				CLANG_WARN_QUOTED_INCLUDE_IN_FRAMEWORK_HEADER = YES;
				CLANG_WARN_RANGE_LOOP_ANALYSIS = YES;
				CLANG_WARN_STRICT_PROTOTYPES = YES;
				CLANG_WARN_SUSPICIOUS_MOVE = YES;
				CLANG_WARN_UNGUARDED_AVAILABILITY = YES_AGGRESSIVE;
				CLANG_WARN_UNREACHABLE_CODE = YES;
				CLANG_WARN__DUPLICATE_METHOD_MATCH = YES;
				COPY_PHASE_STRIP = NO;
				DEBUG_INFORMATION_FORMAT = "dwarf-with-dsym";
				ENABLE_NS_ASSERTIONS = NO;
				ENABLE_STRICT_OBJC_MSGSEND = YES;
				GCC_C_LANGUAGE_STANDARD = gnu11;
				GCC_NO_COMMON_BLOCKS = YES;
				GCC_WARN_64_TO_32_BIT_CONVERSION = YES;
				GCC_WARN_ABOUT_RETURN_TYPE = YES_ERROR;
				GCC_WARN_UNDECLARED_SELECTOR = YES;
				GCC_WARN_UNINITIALIZED_AUTOS = YES_AGGRESSIVE;
				GCC_WARN_UNUSED_FUNCTION = YES;
				GCC_WARN_UNUSED_VARIABLE = YES;
				IPHONEOS_DEPLOYMENT_TARGET = 14.5;
				MTL_ENABLE_DEBUG_INFO = NO;
				MTL_FAST_MATH = YES;
				SDKROOT = iphoneos;
				SWIFT_COMPILATION_MODE = wholemodule;
				SWIFT_OPTIMIZATION_LEVEL = "-O";
				VALIDATE_PRODUCT = YES;
			};
			name = Release;
		};
		7A3AF8902721E0D40057E80A /* Debug */ = {
			isa = XCBuildConfiguration;
			buildSettings = {
				ASSETCATALOG_COMPILER_APPICON_NAME = AppIcon;
				ASSETCATALOG_COMPILER_GLOBAL_ACCENT_COLOR_NAME = AccentColor;
				CODE_SIGN_STYLE = Automatic;
				INFOPLIST_FILE = MusicBoxMVC/Info.plist;
				LD_RUNPATH_SEARCH_PATHS = (
					"$(inherited)",
					"@executable_path/Frameworks",
				);
				PRODUCT_BUNDLE_IDENTIFIER = learnings.MusicBoxMVC;
				PRODUCT_NAME = "$(TARGET_NAME)";
				SWIFT_VERSION = 5.0;
				TARGETED_DEVICE_FAMILY = "1,2";
			};
			name = Debug;
		};
		7A3AF8912721E0D40057E80A /* Release */ = {
			isa = XCBuildConfiguration;
			buildSettings = {
				ASSETCATALOG_COMPILER_APPICON_NAME = AppIcon;
				ASSETCATALOG_COMPILER_GLOBAL_ACCENT_COLOR_NAME = AccentColor;
				CODE_SIGN_STYLE = Automatic;
				INFOPLIST_FILE = MusicBoxMVC/Info.plist;
				LD_RUNPATH_SEARCH_PATHS = (
					"$(inherited)",
					"@executable_path/Frameworks",
				);
				PRODUCT_BUNDLE_IDENTIFIER = learnings.MusicBoxMVC;
				PRODUCT_NAME = "$(TARGET_NAME)";
				SWIFT_VERSION = 5.0;
				TARGETED_DEVICE_FAMILY = "1,2";
			};
			name = Release;
		};
		7A3AF8932721E0D40057E80A /* Debug */ = {
			isa = XCBuildConfiguration;
			buildSettings = {
				ALWAYS_EMBED_SWIFT_STANDARD_LIBRARIES = YES;
				BUNDLE_LOADER = "$(TEST_HOST)";
				CODE_SIGN_STYLE = Automatic;
				INFOPLIST_FILE = MusicBoxMVCTests/Info.plist;
				IPHONEOS_DEPLOYMENT_TARGET = 14.5;
				LD_RUNPATH_SEARCH_PATHS = (
					"$(inherited)",
					"@executable_path/Frameworks",
					"@loader_path/Frameworks",
				);
				PRODUCT_BUNDLE_IDENTIFIER = learnings.MusicBoxMVCTests;
				PRODUCT_NAME = "$(TARGET_NAME)";
				SWIFT_VERSION = 5.0;
				TARGETED_DEVICE_FAMILY = "1,2";
				TEST_HOST = "$(BUILT_PRODUCTS_DIR)/MusicBoxMVC.app/MusicBoxMVC";
			};
			name = Debug;
		};
		7A3AF8942721E0D40057E80A /* Release */ = {
			isa = XCBuildConfiguration;
			buildSettings = {
				ALWAYS_EMBED_SWIFT_STANDARD_LIBRARIES = YES;
				BUNDLE_LOADER = "$(TEST_HOST)";
				CODE_SIGN_STYLE = Automatic;
				INFOPLIST_FILE = MusicBoxMVCTests/Info.plist;
				IPHONEOS_DEPLOYMENT_TARGET = 14.5;
				LD_RUNPATH_SEARCH_PATHS = (
					"$(inherited)",
					"@executable_path/Frameworks",
					"@loader_path/Frameworks",
				);
				PRODUCT_BUNDLE_IDENTIFIER = learnings.MusicBoxMVCTests;
				PRODUCT_NAME = "$(TARGET_NAME)";
				SWIFT_VERSION = 5.0;
				TARGETED_DEVICE_FAMILY = "1,2";
				TEST_HOST = "$(BUILT_PRODUCTS_DIR)/MusicBoxMVC.app/MusicBoxMVC";
			};
			name = Release;
		};
		7A3AF8962721E0D40057E80A /* Debug */ = {
			isa = XCBuildConfiguration;
			buildSettings = {
				ALWAYS_EMBED_SWIFT_STANDARD_LIBRARIES = YES;
				CODE_SIGN_STYLE = Automatic;
				INFOPLIST_FILE = MusicBoxMVCUITests/Info.plist;
				LD_RUNPATH_SEARCH_PATHS = (
					"$(inherited)",
					"@executable_path/Frameworks",
					"@loader_path/Frameworks",
				);
				PRODUCT_BUNDLE_IDENTIFIER = learnings.MusicBoxMVCUITests;
				PRODUCT_NAME = "$(TARGET_NAME)";
				SWIFT_VERSION = 5.0;
				TARGETED_DEVICE_FAMILY = "1,2";
				TEST_TARGET_NAME = MusicBoxMVC;
			};
			name = Debug;
		};
		7A3AF8972721E0D40057E80A /* Release */ = {
			isa = XCBuildConfiguration;
			buildSettings = {
				ALWAYS_EMBED_SWIFT_STANDARD_LIBRARIES = YES;
				CODE_SIGN_STYLE = Automatic;
				INFOPLIST_FILE = MusicBoxMVCUITests/Info.plist;
				LD_RUNPATH_SEARCH_PATHS = (
					"$(inherited)",
					"@executable_path/Frameworks",
					"@loader_path/Frameworks",
				);
				PRODUCT_BUNDLE_IDENTIFIER = learnings.MusicBoxMVCUITests;
				PRODUCT_NAME = "$(TARGET_NAME)";
				SWIFT_VERSION = 5.0;
				TARGETED_DEVICE_FAMILY = "1,2";
				TEST_TARGET_NAME = MusicBoxMVC;
			};
			name = Release;
		};
		7AFC30382722D95900A8315F /* Debug */ = {
			isa = XCBuildConfiguration;
			buildSettings = {
				ASSETCATALOG_COMPILER_APPICON_NAME = AppIcon;
				ASSETCATALOG_COMPILER_GLOBAL_ACCENT_COLOR_NAME = AccentColor;
				CODE_SIGN_STYLE = Automatic;
				INFOPLIST_FILE = MusicBoxMVVM/Info.plist;
				LD_RUNPATH_SEARCH_PATHS = (
					"$(inherited)",
					"@executable_path/Frameworks",
				);
				PRODUCT_BUNDLE_IDENTIFIER = learnings.MusicBoxMVVM;
				PRODUCT_NAME = "$(TARGET_NAME)";
				SWIFT_VERSION = 5.0;
				TARGETED_DEVICE_FAMILY = "1,2";
			};
			name = Debug;
		};
		7AFC30392722D95900A8315F /* Release */ = {
			isa = XCBuildConfiguration;
			buildSettings = {
				ASSETCATALOG_COMPILER_APPICON_NAME = AppIcon;
				ASSETCATALOG_COMPILER_GLOBAL_ACCENT_COLOR_NAME = AccentColor;
				CODE_SIGN_STYLE = Automatic;
				INFOPLIST_FILE = MusicBoxMVVM/Info.plist;
				LD_RUNPATH_SEARCH_PATHS = (
					"$(inherited)",
					"@executable_path/Frameworks",
				);
				PRODUCT_BUNDLE_IDENTIFIER = learnings.MusicBoxMVVM;
				PRODUCT_NAME = "$(TARGET_NAME)";
				SWIFT_VERSION = 5.0;
				TARGETED_DEVICE_FAMILY = "1,2";
			};
			name = Release;
		};
		7AFC303B2722D95900A8315F /* Debug */ = {
			isa = XCBuildConfiguration;
			buildSettings = {
				ALWAYS_EMBED_SWIFT_STANDARD_LIBRARIES = YES;
				BUNDLE_LOADER = "$(TEST_HOST)";
				CODE_SIGN_STYLE = Automatic;
				INFOPLIST_FILE = MusicBoxMVVMTests/Info.plist;
				IPHONEOS_DEPLOYMENT_TARGET = 14.5;
				LD_RUNPATH_SEARCH_PATHS = (
					"$(inherited)",
					"@executable_path/Frameworks",
					"@loader_path/Frameworks",
				);
				PRODUCT_BUNDLE_IDENTIFIER = learnings.MusicBoxMVVMTests;
				PRODUCT_NAME = "$(TARGET_NAME)";
				SWIFT_VERSION = 5.0;
				TARGETED_DEVICE_FAMILY = "1,2";
				TEST_HOST = "$(BUILT_PRODUCTS_DIR)/MusicBoxMVVM.app/MusicBoxMVVM";
			};
			name = Debug;
		};
		7AFC303C2722D95900A8315F /* Release */ = {
			isa = XCBuildConfiguration;
			buildSettings = {
				ALWAYS_EMBED_SWIFT_STANDARD_LIBRARIES = YES;
				BUNDLE_LOADER = "$(TEST_HOST)";
				CODE_SIGN_STYLE = Automatic;
				INFOPLIST_FILE = MusicBoxMVVMTests/Info.plist;
				IPHONEOS_DEPLOYMENT_TARGET = 14.5;
				LD_RUNPATH_SEARCH_PATHS = (
					"$(inherited)",
					"@executable_path/Frameworks",
					"@loader_path/Frameworks",
				);
				PRODUCT_BUNDLE_IDENTIFIER = learnings.MusicBoxMVVMTests;
				PRODUCT_NAME = "$(TARGET_NAME)";
				SWIFT_VERSION = 5.0;
				TARGETED_DEVICE_FAMILY = "1,2";
				TEST_HOST = "$(BUILT_PRODUCTS_DIR)/MusicBoxMVVM.app/MusicBoxMVVM";
			};
			name = Release;
		};
		7AFC303E2722D95900A8315F /* Debug */ = {
			isa = XCBuildConfiguration;
			buildSettings = {
				ALWAYS_EMBED_SWIFT_STANDARD_LIBRARIES = YES;
				CODE_SIGN_STYLE = Automatic;
				INFOPLIST_FILE = MusicBoxMVVMUITests/Info.plist;
				LD_RUNPATH_SEARCH_PATHS = (
					"$(inherited)",
					"@executable_path/Frameworks",
					"@loader_path/Frameworks",
				);
				PRODUCT_BUNDLE_IDENTIFIER = learnings.MusicBoxMVVMUITests;
				PRODUCT_NAME = "$(TARGET_NAME)";
				SWIFT_VERSION = 5.0;
				TARGETED_DEVICE_FAMILY = "1,2";
				TEST_TARGET_NAME = MusicBoxMVVM;
			};
			name = Debug;
		};
		7AFC303F2722D95900A8315F /* Release */ = {
			isa = XCBuildConfiguration;
			buildSettings = {
				ALWAYS_EMBED_SWIFT_STANDARD_LIBRARIES = YES;
				CODE_SIGN_STYLE = Automatic;
				INFOPLIST_FILE = MusicBoxMVVMUITests/Info.plist;
				LD_RUNPATH_SEARCH_PATHS = (
					"$(inherited)",
					"@executable_path/Frameworks",
					"@loader_path/Frameworks",
				);
				PRODUCT_BUNDLE_IDENTIFIER = learnings.MusicBoxMVVMUITests;
				PRODUCT_NAME = "$(TARGET_NAME)";
				SWIFT_VERSION = 5.0;
				TARGETED_DEVICE_FAMILY = "1,2";
				TEST_TARGET_NAME = MusicBoxMVVM;
			};
			name = Release;
		};
/* End XCBuildConfiguration section */

/* Begin XCConfigurationList section */
		7A3AF8602721E0D20057E80A /* Build configuration list for PBXProject "MusicBoxMVC" */ = {
			isa = XCConfigurationList;
			buildConfigurations = (
				7A3AF88D2721E0D40057E80A /* Debug */,
				7A3AF88E2721E0D40057E80A /* Release */,
			);
			defaultConfigurationIsVisible = 0;
			defaultConfigurationName = Release;
		};
		7A3AF88F2721E0D40057E80A /* Build configuration list for PBXNativeTarget "MusicBoxMVC" */ = {
			isa = XCConfigurationList;
			buildConfigurations = (
				7A3AF8902721E0D40057E80A /* Debug */,
				7A3AF8912721E0D40057E80A /* Release */,
			);
			defaultConfigurationIsVisible = 0;
			defaultConfigurationName = Release;
		};
		7A3AF8922721E0D40057E80A /* Build configuration list for PBXNativeTarget "MusicBoxMVCTests" */ = {
			isa = XCConfigurationList;
			buildConfigurations = (
				7A3AF8932721E0D40057E80A /* Debug */,
				7A3AF8942721E0D40057E80A /* Release */,
			);
			defaultConfigurationIsVisible = 0;
			defaultConfigurationName = Release;
		};
		7A3AF8952721E0D40057E80A /* Build configuration list for PBXNativeTarget "MusicBoxMVCUITests" */ = {
			isa = XCConfigurationList;
			buildConfigurations = (
				7A3AF8962721E0D40057E80A /* Debug */,
				7A3AF8972721E0D40057E80A /* Release */,
			);
			defaultConfigurationIsVisible = 0;
			defaultConfigurationName = Release;
		};
		7AFC30372722D95900A8315F /* Build configuration list for PBXNativeTarget "MusicBoxMVVM" */ = {
			isa = XCConfigurationList;
			buildConfigurations = (
				7AFC30382722D95900A8315F /* Debug */,
				7AFC30392722D95900A8315F /* Release */,
			);
			defaultConfigurationIsVisible = 0;
			defaultConfigurationName = Release;
		};
		7AFC303A2722D95900A8315F /* Build configuration list for PBXNativeTarget "MusicBoxMVVMTests" */ = {
			isa = XCConfigurationList;
			buildConfigurations = (
				7AFC303B2722D95900A8315F /* Debug */,
				7AFC303C2722D95900A8315F /* Release */,
			);
			defaultConfigurationIsVisible = 0;
			defaultConfigurationName = Release;
		};
		7AFC303D2722D95900A8315F /* Build configuration list for PBXNativeTarget "MusicBoxMVVMUITests" */ = {
			isa = XCConfigurationList;
			buildConfigurations = (
				7AFC303E2722D95900A8315F /* Debug */,
				7AFC303F2722D95900A8315F /* Release */,
			);
			defaultConfigurationIsVisible = 0;
			defaultConfigurationName = Release;
		};
/* End XCConfigurationList section */
	};
	rootObject = 7A3AF85D2721E0D20057E80A /* Project object */;
}
